// !$*UTF8*$!
{
	archiveVersion = 1;
	classes = {
	};
	objectVersion = 51;
	objects = {

/* Begin PBXBuildFile section */
		C20FF73B251F18E20096A38F /* NotificationViewController.swift in Sources */ = {isa = PBXBuildFile; fileRef = C20FF73A251F18E20096A38F /* NotificationViewController.swift */; };
		C20FF73F251F36500096A38F /* NotificationTableViewCell.swift in Sources */ = {isa = PBXBuildFile; fileRef = C20FF73D251F36500096A38F /* NotificationTableViewCell.swift */; };
		C20FF740251F36500096A38F /* NotificationTableViewCell.xib in Resources */ = {isa = PBXBuildFile; fileRef = C20FF73E251F36500096A38F /* NotificationTableViewCell.xib */; };
		C243DCC4251D8806004C6347 /* ThuChiViewController.swift in Sources */ = {isa = PBXBuildFile; fileRef = C243DCC3251D8806004C6347 /* ThuChiViewController.swift */; };
		C243DCCB251D9043004C6347 /* ThuChi.swift in Sources */ = {isa = PBXBuildFile; fileRef = C243DCCA251D9043004C6347 /* ThuChi.swift */; };
		C243DCCD251DA276004C6347 /* ThongTinThuChiViewController.swift in Sources */ = {isa = PBXBuildFile; fileRef = C243DCCC251DA276004C6347 /* ThongTinThuChiViewController.swift */; };
		C243DCCF251DA539004C6347 /* ThongTinThuChi.swift in Sources */ = {isa = PBXBuildFile; fileRef = C243DCCE251DA539004C6347 /* ThongTinThuChi.swift */; };
		C243DCD2251DF001004C6347 /* LogOutTableViewCell.swift in Sources */ = {isa = PBXBuildFile; fileRef = C243DCD0251DF001004C6347 /* LogOutTableViewCell.swift */; };
		C243DCD3251DF001004C6347 /* LogOutTableViewCell.xib in Resources */ = {isa = PBXBuildFile; fileRef = C243DCD1251DF001004C6347 /* LogOutTableViewCell.xib */; };
		C2594D062519A1A000A99713 /* HopDongCamDoViewController.swift in Sources */ = {isa = PBXBuildFile; fileRef = C2594D052519A1A000A99713 /* HopDongCamDoViewController.swift */; };
		C2594D102519A71F00A99713 /* ContractOpenTableViewCell.swift in Sources */ = {isa = PBXBuildFile; fileRef = C2594D0E2519A71F00A99713 /* ContractOpenTableViewCell.swift */; };
		C2594D112519A71F00A99713 /* ContractOpenTableViewCell.xib in Resources */ = {isa = PBXBuildFile; fileRef = C2594D0F2519A71F00A99713 /* ContractOpenTableViewCell.xib */; };
		C2594D142519F65400A99713 /* HopDongMoViewController.swift in Sources */ = {isa = PBXBuildFile; fileRef = C2594D122519F65400A99713 /* HopDongMoViewController.swift */; };
		C259CD95253708CA00CD527D /* CreateHĐCamDoViewController.swift in Sources */ = {isa = PBXBuildFile; fileRef = C259CD94253708CA00CD527D /* CreateHĐCamDoViewController.swift */; };
		C25A9F9A2531908000F1D062 /* CameraViewController.swift in Sources */ = {isa = PBXBuildFile; fileRef = C25A9F992531908000F1D062 /* CameraViewController.swift */; };
		C25AD64E251B27890091CA6D /* GetTab.swift in Sources */ = {isa = PBXBuildFile; fileRef = C25AD64D251B27890091CA6D /* GetTab.swift */; };
		C25AD650251B2A290091CA6D /* HopDongTheoLoai.swift in Sources */ = {isa = PBXBuildFile; fileRef = C25AD64F251B2A290091CA6D /* HopDongTheoLoai.swift */; };
		C25E7ED1252D680000490F8D /* TienHoaHongViewController.swift in Sources */ = {isa = PBXBuildFile; fileRef = C25E7ED0252D680000490F8D /* TienHoaHongViewController.swift */; };
		C25E7ED5252D68FA00490F8D /* HeaderTienHoaHongTableViewCell.swift in Sources */ = {isa = PBXBuildFile; fileRef = C25E7ED3252D68FA00490F8D /* HeaderTienHoaHongTableViewCell.swift */; };
		C25E7ED6252D68FA00490F8D /* HeaderTienHoaHongTableViewCell.xib in Resources */ = {isa = PBXBuildFile; fileRef = C25E7ED4252D68FA00490F8D /* HeaderTienHoaHongTableViewCell.xib */; };
		C25E7ED9252D6E2800490F8D /* BodyTienHoaHongTableViewCell.swift in Sources */ = {isa = PBXBuildFile; fileRef = C25E7ED7252D6E2800490F8D /* BodyTienHoaHongTableViewCell.swift */; };
		C25E7EDA252D6E2800490F8D /* BodyTienHoaHongTableViewCell.xib in Resources */ = {isa = PBXBuildFile; fileRef = C25E7ED8252D6E2800490F8D /* BodyTienHoaHongTableViewCell.xib */; };
		C25E7EDD252D75B600490F8D /* NhanVien.swift in Sources */ = {isa = PBXBuildFile; fileRef = C25E7EDC252D75B600490F8D /* NhanVien.swift */; };
		C25E7EE0252DB4C900490F8D /* RutVon2TableViewCell.swift in Sources */ = {isa = PBXBuildFile; fileRef = C25E7EDE252DB4C900490F8D /* RutVon2TableViewCell.swift */; };
		C25E7EE1252DB4C900490F8D /* RutVon2TableViewCell.xib in Resources */ = {isa = PBXBuildFile; fileRef = C25E7EDF252DB4C900490F8D /* RutVon2TableViewCell.xib */; };
		C25E7EE3252DC52300490F8D /* DongLaiViewController.swift in Sources */ = {isa = PBXBuildFile; fileRef = C25E7EE2252DC52300490F8D /* DongLaiViewController.swift */; };
		C25E7EE6252DCB1E00490F8D /* ThuLai.swift in Sources */ = {isa = PBXBuildFile; fileRef = C25E7EE5252DCB1E00490F8D /* ThuLai.swift */; };
		C25ED68F25271E21004662A1 /* ThanhLyTaiSanViewController.swift in Sources */ = {isa = PBXBuildFile; fileRef = C25ED68E25271E21004662A1 /* ThanhLyTaiSanViewController.swift */; };
		C25ED6922527253A004662A1 /* NhomTaiSan.swift in Sources */ = {isa = PBXBuildFile; fileRef = C25ED6912527253A004662A1 /* NhomTaiSan.swift */; };
		C261B4C1250F261900B63043 /* CuaHang.swift in Sources */ = {isa = PBXBuildFile; fileRef = C261B4C0250F261900B63043 /* CuaHang.swift */; };
		C261B4C5250F556900B63043 /* ExtensionUIView.swift in Sources */ = {isa = PBXBuildFile; fileRef = C261B4C4250F556900B63043 /* ExtensionUIView.swift */; };
		C261B4C7250F58AD00B63043 /* DashBoard.swift in Sources */ = {isa = PBXBuildFile; fileRef = C261B4C6250F58AD00B63043 /* DashBoard.swift */; };
		C263108A2522C6B10056FD6F /* RutLaiViewController.swift in Sources */ = {isa = PBXBuildFile; fileRef = C26310892522C6B10056FD6F /* RutLaiViewController.swift */; };
		C263108C2522D0310056FD6F /* TabTrangThai.swift in Sources */ = {isa = PBXBuildFile; fileRef = C263108B2522D0310056FD6F /* TabTrangThai.swift */; };
		C263108E2522D4E70056FD6F /* RutLaiContainerViewController.swift in Sources */ = {isa = PBXBuildFile; fileRef = C263108D2522D4E70056FD6F /* RutLaiContainerViewController.swift */; };
		C26310902522D84B0056FD6F /* ListRutLai.swift in Sources */ = {isa = PBXBuildFile; fileRef = C263108F2522D84B0056FD6F /* ListRutLai.swift */; };
		C26310942522EF900056FD6F /* BaseController.swift in Sources */ = {isa = PBXBuildFile; fileRef = C26310932522EF900056FD6F /* BaseController.swift */; };
		C264151F252ABE10001CB558 /* OptionViewController.swift in Sources */ = {isa = PBXBuildFile; fileRef = C264151E252ABE10001CB558 /* OptionViewController.swift */; };
		C2641522252ACC1D001CB558 /* ThongTinHopDongTableViewCell.swift in Sources */ = {isa = PBXBuildFile; fileRef = C2641520252ACC1D001CB558 /* ThongTinHopDongTableViewCell.swift */; };
		C2641523252ACC1D001CB558 /* ThongTinHopDongTableViewCell.xib in Resources */ = {isa = PBXBuildFile; fileRef = C2641521252ACC1D001CB558 /* ThongTinHopDongTableViewCell.xib */; };
		C2641526252AD19C001CB558 /* TacVuTableViewCell.swift in Sources */ = {isa = PBXBuildFile; fileRef = C2641524252AD19C001CB558 /* TacVuTableViewCell.swift */; };
		C2641527252AD19C001CB558 /* TacVuTableViewCell.xib in Resources */ = {isa = PBXBuildFile; fileRef = C2641525252AD19C001CB558 /* TacVuTableViewCell.xib */; };
		C264152A252AD793001CB558 /* LichSuGiaoDich.swift in Sources */ = {isa = PBXBuildFile; fileRef = C2641529252AD793001CB558 /* LichSuGiaoDich.swift */; };
		C264152C252B06D4001CB558 /* LichSuVayNo.swift in Sources */ = {isa = PBXBuildFile; fileRef = C264152B252B06D4001CB558 /* LichSuVayNo.swift */; };
		C264152E252B0CC3001CB558 /* LichSuViewController.swift in Sources */ = {isa = PBXBuildFile; fileRef = C264152D252B0CC3001CB558 /* LichSuViewController.swift */; };
		C2641532252B105D001CB558 /* LichSuTableViewCell.swift in Sources */ = {isa = PBXBuildFile; fileRef = C2641530252B105D001CB558 /* LichSuTableViewCell.swift */; };
		C2641533252B105D001CB558 /* LichSuTableViewCell.xib in Resources */ = {isa = PBXBuildFile; fileRef = C2641531252B105D001CB558 /* LichSuTableViewCell.xib */; };
		C2641536252B1151001CB558 /* LichSu2TableViewCell.swift in Sources */ = {isa = PBXBuildFile; fileRef = C2641534252B1151001CB558 /* LichSu2TableViewCell.swift */; };
		C2641537252B1151001CB558 /* LichSu2TableViewCell.xib in Resources */ = {isa = PBXBuildFile; fileRef = C2641535252B1151001CB558 /* LichSu2TableViewCell.xib */; };
		C2641539252B25D3001CB558 /* ChiTietLichSuViewController.swift in Sources */ = {isa = PBXBuildFile; fileRef = C2641538252B25D3001CB558 /* ChiTietLichSuViewController.swift */; };
		C264414D252C0997001610A6 /* BaoCaoViewController.swift in Sources */ = {isa = PBXBuildFile; fileRef = C264414C252C0997001610A6 /* BaoCaoViewController.swift */; };
		C2644150252C10CB001610A6 /* BaoCao.swift in Sources */ = {isa = PBXBuildFile; fileRef = C264414F252C10CB001610A6 /* BaoCao.swift */; };
		C2659C7C251079C00021BC9D /* NameTableViewCell.swift in Sources */ = {isa = PBXBuildFile; fileRef = C2659C7A251079C00021BC9D /* NameTableViewCell.swift */; };
		C2659C7D251079C00021BC9D /* NameTableViewCell.xib in Resources */ = {isa = PBXBuildFile; fileRef = C2659C7B251079C00021BC9D /* NameTableViewCell.xib */; };
		C2659CAF2510AA660021BC9D /* MacDinhTableViewCell.swift in Sources */ = {isa = PBXBuildFile; fileRef = C2659CAD2510AA660021BC9D /* MacDinhTableViewCell.swift */; };
		C2659CB02510AA660021BC9D /* MacDinhTableViewCell.xib in Resources */ = {isa = PBXBuildFile; fileRef = C2659CAE2510AA660021BC9D /* MacDinhTableViewCell.xib */; };
		C2659CB32510AA760021BC9D /* MatKhauTableViewCell.swift in Sources */ = {isa = PBXBuildFile; fileRef = C2659CB12510AA760021BC9D /* MatKhauTableViewCell.swift */; };
		C2659CB42510AA760021BC9D /* MatKhauTableViewCell.xib in Resources */ = {isa = PBXBuildFile; fileRef = C2659CB22510AA760021BC9D /* MatKhauTableViewCell.xib */; };
		C2659CB72510AA810021BC9D /* CauHinhTableViewCell.swift in Sources */ = {isa = PBXBuildFile; fileRef = C2659CB52510AA810021BC9D /* CauHinhTableViewCell.swift */; };
		C2659CB82510AA810021BC9D /* CauHinhTableViewCell.xib in Resources */ = {isa = PBXBuildFile; fileRef = C2659CB62510AA810021BC9D /* CauHinhTableViewCell.xib */; };
		C2659CBA2510AD010021BC9D /* BodyCollectionViewCell.swift in Sources */ = {isa = PBXBuildFile; fileRef = C2659CB92510AD010021BC9D /* BodyCollectionViewCell.swift */; };
		C2659CBC2510AD090021BC9D /* BodyCollectionViewCell.xib in Resources */ = {isa = PBXBuildFile; fileRef = C2659CBB2510AD090021BC9D /* BodyCollectionViewCell.xib */; };
		C2659CBF2510AD1C0021BC9D /* HeaderCollectionViewCell.swift in Sources */ = {isa = PBXBuildFile; fileRef = C2659CBD2510AD1B0021BC9D /* HeaderCollectionViewCell.swift */; };
		C2659CC02510AD1C0021BC9D /* HeaderCollectionViewCell.xib in Resources */ = {isa = PBXBuildFile; fileRef = C2659CBE2510AD1B0021BC9D /* HeaderCollectionViewCell.xib */; };
		C2659CC52510BE740021BC9D /* CuaHangMacDinhViewController.swift in Sources */ = {isa = PBXBuildFile; fileRef = C2659CC42510BE740021BC9D /* CuaHangMacDinhViewController.swift */; };
		C2659CC72510BE8F0021BC9D /* MatKhauViewController.swift in Sources */ = {isa = PBXBuildFile; fileRef = C2659CC62510BE8F0021BC9D /* MatKhauViewController.swift */; };
		C2659CC92510BE9C0021BC9D /* CaiDatViewController.swift in Sources */ = {isa = PBXBuildFile; fileRef = C2659CC82510BE9C0021BC9D /* CaiDatViewController.swift */; };
		C265C17825071EE0000D4FAE /* AppDelegate.swift in Sources */ = {isa = PBXBuildFile; fileRef = C265C17725071EE0000D4FAE /* AppDelegate.swift */; };
		C265C17A25071EE0000D4FAE /* SceneDelegate.swift in Sources */ = {isa = PBXBuildFile; fileRef = C265C17925071EE0000D4FAE /* SceneDelegate.swift */; };
		C265C17F25071EE0000D4FAE /* Main.storyboard in Resources */ = {isa = PBXBuildFile; fileRef = C265C17D25071EE0000D4FAE /* Main.storyboard */; };
		C265C18125071EE2000D4FAE /* Assets.xcassets in Resources */ = {isa = PBXBuildFile; fileRef = C265C18025071EE2000D4FAE /* Assets.xcassets */; };
		C265C18425071EE2000D4FAE /* LaunchScreen.storyboard in Resources */ = {isa = PBXBuildFile; fileRef = C265C18225071EE2000D4FAE /* LaunchScreen.storyboard */; };
		C265C19025071F91000D4FAE /* Config.swift in Sources */ = {isa = PBXBuildFile; fileRef = C265C18F25071F91000D4FAE /* Config.swift */; };
		C265C19225071FF6000D4FAE /* APIRouter.swift in Sources */ = {isa = PBXBuildFile; fileRef = C265C19125071FF6000D4FAE /* APIRouter.swift */; };
		C265C19425072158000D4FAE /* BaseResponse.swift in Sources */ = {isa = PBXBuildFile; fileRef = C265C19325072158000D4FAE /* BaseResponse.swift */; };
		C265C1962507218E000D4FAE /* MGConnection.swift in Sources */ = {isa = PBXBuildFile; fileRef = C265C1952507218E000D4FAE /* MGConnection.swift */; };
		C265C19B250728CC000D4FAE /* LoginViewController.swift in Sources */ = {isa = PBXBuildFile; fileRef = C265C19A250728CC000D4FAE /* LoginViewController.swift */; };
		C265C19D25073A0D000D4FAE /* Token.swift in Sources */ = {isa = PBXBuildFile; fileRef = C265C19C25073A0D000D4FAE /* Token.swift */; };
		C265C19F250777A1000D4FAE /* UserToken.swift in Sources */ = {isa = PBXBuildFile; fileRef = C265C19E250777A1000D4FAE /* UserToken.swift */; };
		C265C1A125078812000D4FAE /* UserProfile.swift in Sources */ = {isa = PBXBuildFile; fileRef = C265C1A025078812000D4FAE /* UserProfile.swift */; };
		C26704A9251C2C5C00B82116 /* Underline.swift in Sources */ = {isa = PBXBuildFile; fileRef = C26704A8251C2C5C00B82116 /* Underline.swift */; };
		C26704AB251C329E00B82116 /* BoLocViewController.swift in Sources */ = {isa = PBXBuildFile; fileRef = C26704AA251C329E00B82116 /* BoLocViewController.swift */; };
		C26704AD251C92E500B82116 /* ChiTietHopDong.swift in Sources */ = {isa = PBXBuildFile; fileRef = C26704AC251C92E500B82116 /* ChiTietHopDong.swift */; };
		C26704B3251C9B9D00B82116 /* ChiTietHopDongViewController.swift in Sources */ = {isa = PBXBuildFile; fileRef = C26704B2251C9B9D00B82116 /* ChiTietHopDongViewController.swift */; };
		C267ACE22533F0F3007BCD49 /* CameraCollectionViewCell.swift in Sources */ = {isa = PBXBuildFile; fileRef = C267ACE02533F0F3007BCD49 /* CameraCollectionViewCell.swift */; };
		C267ACE32533F0F3007BCD49 /* CameraCollectionViewCell.xib in Resources */ = {isa = PBXBuildFile; fileRef = C267ACE12533F0F3007BCD49 /* CameraCollectionViewCell.xib */; };
		C267ACE62533F725007BCD49 /* Camera.swift in Sources */ = {isa = PBXBuildFile; fileRef = C267ACE52533F725007BCD49 /* Camera.swift */; };
		C267ACEA25355EEC007BCD49 /* ImageCollectionViewCell.swift in Sources */ = {isa = PBXBuildFile; fileRef = C267ACE825355EEC007BCD49 /* ImageCollectionViewCell.swift */; };
		C267ACEB25355EEC007BCD49 /* ImageCollectionViewCell.xib in Resources */ = {isa = PBXBuildFile; fileRef = C267ACE925355EEC007BCD49 /* ImageCollectionViewCell.xib */; };
		C268E51B252568B600FAF711 /* RutVon.swift in Sources */ = {isa = PBXBuildFile; fileRef = C268E51A252568B600FAF711 /* RutVon.swift */; };
		C268E5232525783D00FAF711 /* RutVonTableViewCell.swift in Sources */ = {isa = PBXBuildFile; fileRef = C268E5212525783D00FAF711 /* RutVonTableViewCell.swift */; };
		C268E5242525783D00FAF711 /* RutVonTableViewCell.xib in Resources */ = {isa = PBXBuildFile; fileRef = C268E5222525783D00FAF711 /* RutVonTableViewCell.xib */; };
		C268E52725258D9F00FAF711 /* RutVonChiTietTableViewCell.swift in Sources */ = {isa = PBXBuildFile; fileRef = C268E52525258D9F00FAF711 /* RutVonChiTietTableViewCell.swift */; };
		C268E52825258D9F00FAF711 /* RutVonChiTietTableViewCell.xib in Resources */ = {isa = PBXBuildFile; fileRef = C268E52625258D9F00FAF711 /* RutVonChiTietTableViewCell.xib */; };
		C268E52A2525C86C00FAF711 /* Footer.swift in Sources */ = {isa = PBXBuildFile; fileRef = C268E5292525C86C00FAF711 /* Footer.swift */; };
		C268E52C2525C89400FAF711 /* Footer.xib in Resources */ = {isa = PBXBuildFile; fileRef = C268E52B2525C89400FAF711 /* Footer.xib */; };
		C268E5302525D4DA00FAF711 /* ButtonFooterCollectionViewCell.swift in Sources */ = {isa = PBXBuildFile; fileRef = C268E52E2525D4DA00FAF711 /* ButtonFooterCollectionViewCell.swift */; };
		C268E5312525D4DA00FAF711 /* ButtonFooterCollectionViewCell.xib in Resources */ = {isa = PBXBuildFile; fileRef = C268E52F2525D4DA00FAF711 /* ButtonFooterCollectionViewCell.xib */; };
		C2695BEB2508BF9200E3A3C8 /* HomeViewController.swift in Sources */ = {isa = PBXBuildFile; fileRef = C2695BEA2508BF9200E3A3C8 /* HomeViewController.swift */; };
		C2695BED2508C62400E3A3C8 /* UserViewController.swift in Sources */ = {isa = PBXBuildFile; fileRef = C2695BEC2508C62400E3A3C8 /* UserViewController.swift */; };
		C2695BEF2508F69B00E3A3C8 /* SplashScreenViewController.swift in Sources */ = {isa = PBXBuildFile; fileRef = C2695BEE2508F69B00E3A3C8 /* SplashScreenViewController.swift */; };
		C26BB5DF25241A050024D236 /* TabbarButton.swift in Sources */ = {isa = PBXBuildFile; fileRef = C26BB5DE25241A050024D236 /* TabbarButton.swift */; };
		C26BB5E3252430BD0024D236 /* DanhSachNhanVien.swift in Sources */ = {isa = PBXBuildFile; fileRef = C26BB5E2252430BD0024D236 /* DanhSachNhanVien.swift */; };
		C26BB5E5252434CD0024D236 /* RutLaiChiTietViewController.swift in Sources */ = {isa = PBXBuildFile; fileRef = C26BB5E4252434CD0024D236 /* RutLaiChiTietViewController.swift */; };
		C26BB5E7252437F70024D236 /* QuanLyVonDauTu.swift in Sources */ = {isa = PBXBuildFile; fileRef = C26BB5E6252437F70024D236 /* QuanLyVonDauTu.swift */; };
		C26BB5EA25243A8F0024D236 /* VonDauTuViewController.swift in Sources */ = {isa = PBXBuildFile; fileRef = C26BB5E925243A8F0024D236 /* VonDauTuViewController.swift */; };
		C26BB5EC25244CB40024D236 /* VonDauTuChiTiet.swift in Sources */ = {isa = PBXBuildFile; fileRef = C26BB5EB25244CB40024D236 /* VonDauTuChiTiet.swift */; };
		C26BB5F025247FC50024D236 /* QuanLyVonTableViewCell.swift in Sources */ = {isa = PBXBuildFile; fileRef = C26BB5EE25247FC50024D236 /* QuanLyVonTableViewCell.swift */; };
		C26BB5F125247FC50024D236 /* QuanLyVonTableViewCell.xib in Resources */ = {isa = PBXBuildFile; fileRef = C26BB5EF25247FC50024D236 /* QuanLyVonTableViewCell.xib */; };
		C282CBF32511A61400F62B63 /* NavigationBar.xib in Resources */ = {isa = PBXBuildFile; fileRef = C282CBF22511A61400F62B63 /* NavigationBar.xib */; };
		C282CBF52511A73400F62B63 /* NavigationBar.swift in Sources */ = {isa = PBXBuildFile; fileRef = C282CBF42511A73400F62B63 /* NavigationBar.swift */; };
		C282CBF92511CB8500F62B63 /* ShopUITableViewCell.swift in Sources */ = {isa = PBXBuildFile; fileRef = C282CBF72511CB8500F62B63 /* ShopUITableViewCell.swift */; };
		C282CBFA2511CB8500F62B63 /* ShopUITableViewCell.xib in Resources */ = {isa = PBXBuildFile; fileRef = C282CBF82511CB8500F62B63 /* ShopUITableViewCell.xib */; };
		C282CC0A25120A6D00F62B63 /* UtilitiesViewController.swift in Sources */ = {isa = PBXBuildFile; fileRef = C282CC0925120A6D00F62B63 /* UtilitiesViewController.swift */; };
		C282CC10251211E700F62B63 /* UtilitiesHeaderCollectionViewCell.swift in Sources */ = {isa = PBXBuildFile; fileRef = C282CC0E251211E700F62B63 /* UtilitiesHeaderCollectionViewCell.swift */; };
		C282CC11251211E700F62B63 /* UtilitiesHeaderCollectionViewCell.xib in Resources */ = {isa = PBXBuildFile; fileRef = C282CC0F251211E700F62B63 /* UtilitiesHeaderCollectionViewCell.xib */; };
		C282CC14251219B200F62B63 /* UtilitiesBodyCollectionViewCell.swift in Sources */ = {isa = PBXBuildFile; fileRef = C282CC12251219B200F62B63 /* UtilitiesBodyCollectionViewCell.swift */; };
		C282CC15251219B200F62B63 /* UtilitiesBodyCollectionViewCell.xib in Resources */ = {isa = PBXBuildFile; fileRef = C282CC13251219B200F62B63 /* UtilitiesBodyCollectionViewCell.xib */; };
		C28821B325288E6D00EF6B91 /* ThanhLyTaiSanChiTietViewController.swift in Sources */ = {isa = PBXBuildFile; fileRef = C28821B225288E6D00EF6B91 /* ThanhLyTaiSanChiTietViewController.swift */; };
		C28821B7252895DE00EF6B91 /* ThanhLyTaiSanTableViewCell.swift in Sources */ = {isa = PBXBuildFile; fileRef = C28821B5252895DE00EF6B91 /* ThanhLyTaiSanTableViewCell.swift */; };
		C28821B8252895DE00EF6B91 /* ThanhLyTaiSanTableViewCell.xib in Resources */ = {isa = PBXBuildFile; fileRef = C28821B6252895DE00EF6B91 /* ThanhLyTaiSanTableViewCell.xib */; };
		C288472F250B0F7200CB84FA /* Contants.swift in Sources */ = {isa = PBXBuildFile; fileRef = C288472E250B0F7200CB84FA /* Contants.swift */; };
		C2BC99CD2521873900796448 /* HOME.storyboard in Resources */ = {isa = PBXBuildFile; fileRef = C2BC99C82521873600796448 /* HOME.storyboard */; };
		C2BC99CE2521873900796448 /* TINNHAN.storyboard in Resources */ = {isa = PBXBuildFile; fileRef = C2BC99C92521873700796448 /* TINNHAN.storyboard */; };
		C2BC99CF2521873900796448 /* THONGBAO.storyboard in Resources */ = {isa = PBXBuildFile; fileRef = C2BC99CA2521873800796448 /* THONGBAO.storyboard */; };
		C2BC99D02521873900796448 /* USER.storyboard in Resources */ = {isa = PBXBuildFile; fileRef = C2BC99CB2521873900796448 /* USER.storyboard */; };
		C2BC99D12521873900796448 /* TIENICH.storyboard in Resources */ = {isa = PBXBuildFile; fileRef = C2BC99CC2521873900796448 /* TIENICH.storyboard */; };
		C2BC99D325219D3200796448 /* Notification.swift in Sources */ = {isa = PBXBuildFile; fileRef = C2BC99D225219D3200796448 /* Notification.swift */; };
		C2C2583C25133EF20048FAB2 /* TienIch.swift in Sources */ = {isa = PBXBuildFile; fileRef = C2C2583B25133EF20048FAB2 /* TienIch.swift */; };
		C2C2583F25135AD30048FAB2 /* CamDoViewController.swift in Sources */ = {isa = PBXBuildFile; fileRef = C2C2583E25135AD30048FAB2 /* CamDoViewController.swift */; };
		C2C25844251373C90048FAB2 /* CamDoTableViewCell.swift in Sources */ = {isa = PBXBuildFile; fileRef = C2C25842251373C90048FAB2 /* CamDoTableViewCell.swift */; };
		C2C25845251373C90048FAB2 /* CamDoTableViewCell.xib in Resources */ = {isa = PBXBuildFile; fileRef = C2C25843251373C90048FAB2 /* CamDoTableViewCell.xib */; };
		C2C2584725144BC60048FAB2 /* Status.swift in Sources */ = {isa = PBXBuildFile; fileRef = C2C2584625144BC60048FAB2 /* Status.swift */; };
		C2C2584925144D7A0048FAB2 /* CamDo.swift in Sources */ = {isa = PBXBuildFile; fileRef = C2C2584825144D7A0048FAB2 /* CamDo.swift */; };
		C2C2585025145FA00048FAB2 /* ThongTinCamDoViewController.swift in Sources */ = {isa = PBXBuildFile; fileRef = C2C2584F25145FA00048FAB2 /* ThongTinCamDoViewController.swift */; };
		C2C2585425148F380048FAB2 /* InfoCamDoTableViewCell.swift in Sources */ = {isa = PBXBuildFile; fileRef = C2C2585225148F380048FAB2 /* InfoCamDoTableViewCell.swift */; };
		C2C2585525148F380048FAB2 /* InfoCamDoTableViewCell.xib in Resources */ = {isa = PBXBuildFile; fileRef = C2C2585325148F380048FAB2 /* InfoCamDoTableViewCell.xib */; };
		C2C25858251491FA0048FAB2 /* CheckBoxTableViewCell.swift in Sources */ = {isa = PBXBuildFile; fileRef = C2C25856251491FA0048FAB2 /* CheckBoxTableViewCell.swift */; };
		C2C25859251491FA0048FAB2 /* CheckBoxTableViewCell.xib in Resources */ = {isa = PBXBuildFile; fileRef = C2C25857251491FA0048FAB2 /* CheckBoxTableViewCell.xib */; };
		C2C2585B251496770048FAB2 /* CamDoChiTiet.swift in Sources */ = {isa = PBXBuildFile; fileRef = C2C2585A251496770048FAB2 /* CamDoChiTiet.swift */; };
		C2C258692514B1E10048FAB2 /* Menu.xib in Resources */ = {isa = PBXBuildFile; fileRef = C2C258682514B1E10048FAB2 /* Menu.xib */; };
		C2C2586B2514B1ED0048FAB2 /* Menu.swift in Sources */ = {isa = PBXBuildFile; fileRef = C2C2586A2514B1ED0048FAB2 /* Menu.swift */; };
		C2C2586F2514BF890048FAB2 /* MenuHeader.swift in Sources */ = {isa = PBXBuildFile; fileRef = C2C2586E2514BF890048FAB2 /* MenuHeader.swift */; };
		C2C25871251626150048FAB2 /* TestCollectionViewController.swift in Sources */ = {isa = PBXBuildFile; fileRef = C2C25870251626150048FAB2 /* TestCollectionViewController.swift */; };
		C2C25875251642C30048FAB2 /* DinhGia.swift in Sources */ = {isa = PBXBuildFile; fileRef = C2C25874251642C30048FAB2 /* DinhGia.swift */; };
		C2C25877251643FC0048FAB2 /* DoGiaDung.swift in Sources */ = {isa = PBXBuildFile; fileRef = C2C25876251643FC0048FAB2 /* DoGiaDung.swift */; };
		C2E4D67E25179EC400622DF6 /* DinhGiaChiTiet.swift in Sources */ = {isa = PBXBuildFile; fileRef = C2E4D67D25179EC400622DF6 /* DinhGiaChiTiet.swift */; };
		C2E4D68025179F0C00622DF6 /* DoGiaDungChiTiet.swift in Sources */ = {isa = PBXBuildFile; fileRef = C2E4D67F25179F0C00622DF6 /* DoGiaDungChiTiet.swift */; };
		C2E4D6832517A3CD00622DF6 /* ImageTableViewCell.swift in Sources */ = {isa = PBXBuildFile; fileRef = C2E4D6812517A3CD00622DF6 /* ImageTableViewCell.swift */; };
		C2E4D6842517A3CD00622DF6 /* ImageTableViewCell.xib in Resources */ = {isa = PBXBuildFile; fileRef = C2E4D6822517A3CD00622DF6 /* ImageTableViewCell.xib */; };
		C2F4F69A252EAC3600A9C86C /* ThuLai3TableViewCell.swift in Sources */ = {isa = PBXBuildFile; fileRef = C2F4F698252EAC3600A9C86C /* ThuLai3TableViewCell.swift */; };
		C2F4F69B252EAC3600A9C86C /* ThuLai3TableViewCell.xib in Resources */ = {isa = PBXBuildFile; fileRef = C2F4F699252EAC3600A9C86C /* ThuLai3TableViewCell.xib */; };
		CAB33D739092F3991E860E43 /* Pods_F49.framework in Frameworks */ = {isa = PBXBuildFile; fileRef = 07E3FC27611B8020906915F1 /* Pods_F49.framework */; };
/* End PBXBuildFile section */

/* Begin PBXFileReference section */
		07E3FC27611B8020906915F1 /* Pods_F49.framework */ = {isa = PBXFileReference; explicitFileType = wrapper.framework; includeInIndex = 0; path = Pods_F49.framework; sourceTree = BUILT_PRODUCTS_DIR; };
		C20FF73A251F18E20096A38F /* NotificationViewController.swift */ = {isa = PBXFileReference; lastKnownFileType = sourcecode.swift; path = NotificationViewController.swift; sourceTree = "<group>"; };
		C20FF73D251F36500096A38F /* NotificationTableViewCell.swift */ = {isa = PBXFileReference; lastKnownFileType = sourcecode.swift; path = NotificationTableViewCell.swift; sourceTree = "<group>"; };
		C20FF73E251F36500096A38F /* NotificationTableViewCell.xib */ = {isa = PBXFileReference; lastKnownFileType = file.xib; path = NotificationTableViewCell.xib; sourceTree = "<group>"; };
		C243DCC3251D8806004C6347 /* ThuChiViewController.swift */ = {isa = PBXFileReference; lastKnownFileType = sourcecode.swift; path = ThuChiViewController.swift; sourceTree = "<group>"; };
		C243DCCA251D9043004C6347 /* ThuChi.swift */ = {isa = PBXFileReference; lastKnownFileType = sourcecode.swift; path = ThuChi.swift; sourceTree = "<group>"; };
		C243DCCC251DA276004C6347 /* ThongTinThuChiViewController.swift */ = {isa = PBXFileReference; lastKnownFileType = sourcecode.swift; path = ThongTinThuChiViewController.swift; sourceTree = "<group>"; };
		C243DCCE251DA539004C6347 /* ThongTinThuChi.swift */ = {isa = PBXFileReference; lastKnownFileType = sourcecode.swift; path = ThongTinThuChi.swift; sourceTree = "<group>"; };
		C243DCD0251DF001004C6347 /* LogOutTableViewCell.swift */ = {isa = PBXFileReference; lastKnownFileType = sourcecode.swift; path = LogOutTableViewCell.swift; sourceTree = "<group>"; };
		C243DCD1251DF001004C6347 /* LogOutTableViewCell.xib */ = {isa = PBXFileReference; lastKnownFileType = file.xib; path = LogOutTableViewCell.xib; sourceTree = "<group>"; };
		C2594D052519A1A000A99713 /* HopDongCamDoViewController.swift */ = {isa = PBXFileReference; lastKnownFileType = sourcecode.swift; path = HopDongCamDoViewController.swift; sourceTree = "<group>"; };
		C2594D0E2519A71F00A99713 /* ContractOpenTableViewCell.swift */ = {isa = PBXFileReference; lastKnownFileType = sourcecode.swift; path = ContractOpenTableViewCell.swift; sourceTree = "<group>"; };
		C2594D0F2519A71F00A99713 /* ContractOpenTableViewCell.xib */ = {isa = PBXFileReference; lastKnownFileType = file.xib; path = ContractOpenTableViewCell.xib; sourceTree = "<group>"; };
		C2594D122519F65400A99713 /* HopDongMoViewController.swift */ = {isa = PBXFileReference; lastKnownFileType = sourcecode.swift; path = HopDongMoViewController.swift; sourceTree = "<group>"; };
		C259CD94253708CA00CD527D /* CreateHĐCamDoViewController.swift */ = {isa = PBXFileReference; lastKnownFileType = sourcecode.swift; path = "CreateHĐCamDoViewController.swift"; sourceTree = "<group>"; };
		C25A9F992531908000F1D062 /* CameraViewController.swift */ = {isa = PBXFileReference; lastKnownFileType = sourcecode.swift; path = CameraViewController.swift; sourceTree = "<group>"; };
		C25AD64D251B27890091CA6D /* GetTab.swift */ = {isa = PBXFileReference; lastKnownFileType = sourcecode.swift; path = GetTab.swift; sourceTree = "<group>"; };
		C25AD64F251B2A290091CA6D /* HopDongTheoLoai.swift */ = {isa = PBXFileReference; lastKnownFileType = sourcecode.swift; path = HopDongTheoLoai.swift; sourceTree = "<group>"; };
		C25E7ED0252D680000490F8D /* TienHoaHongViewController.swift */ = {isa = PBXFileReference; lastKnownFileType = sourcecode.swift; path = TienHoaHongViewController.swift; sourceTree = "<group>"; };
		C25E7ED3252D68FA00490F8D /* HeaderTienHoaHongTableViewCell.swift */ = {isa = PBXFileReference; lastKnownFileType = sourcecode.swift; path = HeaderTienHoaHongTableViewCell.swift; sourceTree = "<group>"; };
		C25E7ED4252D68FA00490F8D /* HeaderTienHoaHongTableViewCell.xib */ = {isa = PBXFileReference; lastKnownFileType = file.xib; path = HeaderTienHoaHongTableViewCell.xib; sourceTree = "<group>"; };
		C25E7ED7252D6E2800490F8D /* BodyTienHoaHongTableViewCell.swift */ = {isa = PBXFileReference; lastKnownFileType = sourcecode.swift; path = BodyTienHoaHongTableViewCell.swift; sourceTree = "<group>"; };
		C25E7ED8252D6E2800490F8D /* BodyTienHoaHongTableViewCell.xib */ = {isa = PBXFileReference; lastKnownFileType = file.xib; path = BodyTienHoaHongTableViewCell.xib; sourceTree = "<group>"; };
		C25E7EDC252D75B600490F8D /* NhanVien.swift */ = {isa = PBXFileReference; lastKnownFileType = sourcecode.swift; path = NhanVien.swift; sourceTree = "<group>"; };
		C25E7EDE252DB4C900490F8D /* RutVon2TableViewCell.swift */ = {isa = PBXFileReference; lastKnownFileType = sourcecode.swift; path = RutVon2TableViewCell.swift; sourceTree = "<group>"; };
		C25E7EDF252DB4C900490F8D /* RutVon2TableViewCell.xib */ = {isa = PBXFileReference; lastKnownFileType = file.xib; path = RutVon2TableViewCell.xib; sourceTree = "<group>"; };
		C25E7EE2252DC52300490F8D /* DongLaiViewController.swift */ = {isa = PBXFileReference; lastKnownFileType = sourcecode.swift; path = DongLaiViewController.swift; sourceTree = "<group>"; };
		C25E7EE5252DCB1E00490F8D /* ThuLai.swift */ = {isa = PBXFileReference; lastKnownFileType = sourcecode.swift; path = ThuLai.swift; sourceTree = "<group>"; };
		C25ED68E25271E21004662A1 /* ThanhLyTaiSanViewController.swift */ = {isa = PBXFileReference; lastKnownFileType = sourcecode.swift; path = ThanhLyTaiSanViewController.swift; sourceTree = "<group>"; };
		C25ED6912527253A004662A1 /* NhomTaiSan.swift */ = {isa = PBXFileReference; lastKnownFileType = sourcecode.swift; path = NhomTaiSan.swift; sourceTree = "<group>"; };
		C261B4C0250F261900B63043 /* CuaHang.swift */ = {isa = PBXFileReference; lastKnownFileType = sourcecode.swift; path = CuaHang.swift; sourceTree = "<group>"; };
		C261B4C4250F556900B63043 /* ExtensionUIView.swift */ = {isa = PBXFileReference; fileEncoding = 4; lastKnownFileType = sourcecode.swift; path = ExtensionUIView.swift; sourceTree = "<group>"; };
		C261B4C6250F58AD00B63043 /* DashBoard.swift */ = {isa = PBXFileReference; lastKnownFileType = sourcecode.swift; path = DashBoard.swift; sourceTree = "<group>"; };
		C26310892522C6B10056FD6F /* RutLaiViewController.swift */ = {isa = PBXFileReference; lastKnownFileType = sourcecode.swift; path = RutLaiViewController.swift; sourceTree = "<group>"; };
		C263108B2522D0310056FD6F /* TabTrangThai.swift */ = {isa = PBXFileReference; lastKnownFileType = sourcecode.swift; path = TabTrangThai.swift; sourceTree = "<group>"; };
		C263108D2522D4E70056FD6F /* RutLaiContainerViewController.swift */ = {isa = PBXFileReference; lastKnownFileType = sourcecode.swift; path = RutLaiContainerViewController.swift; sourceTree = "<group>"; };
		C263108F2522D84B0056FD6F /* ListRutLai.swift */ = {isa = PBXFileReference; lastKnownFileType = sourcecode.swift; path = ListRutLai.swift; sourceTree = "<group>"; };
		C26310932522EF900056FD6F /* BaseController.swift */ = {isa = PBXFileReference; lastKnownFileType = sourcecode.swift; path = BaseController.swift; sourceTree = "<group>"; };
		C264151E252ABE10001CB558 /* OptionViewController.swift */ = {isa = PBXFileReference; lastKnownFileType = sourcecode.swift; path = OptionViewController.swift; sourceTree = "<group>"; };
		C2641520252ACC1D001CB558 /* ThongTinHopDongTableViewCell.swift */ = {isa = PBXFileReference; lastKnownFileType = sourcecode.swift; path = ThongTinHopDongTableViewCell.swift; sourceTree = "<group>"; };
		C2641521252ACC1D001CB558 /* ThongTinHopDongTableViewCell.xib */ = {isa = PBXFileReference; lastKnownFileType = file.xib; path = ThongTinHopDongTableViewCell.xib; sourceTree = "<group>"; };
		C2641524252AD19C001CB558 /* TacVuTableViewCell.swift */ = {isa = PBXFileReference; lastKnownFileType = sourcecode.swift; path = TacVuTableViewCell.swift; sourceTree = "<group>"; };
		C2641525252AD19C001CB558 /* TacVuTableViewCell.xib */ = {isa = PBXFileReference; lastKnownFileType = file.xib; path = TacVuTableViewCell.xib; sourceTree = "<group>"; };
		C2641529252AD793001CB558 /* LichSuGiaoDich.swift */ = {isa = PBXFileReference; lastKnownFileType = sourcecode.swift; path = LichSuGiaoDich.swift; sourceTree = "<group>"; };
		C264152B252B06D4001CB558 /* LichSuVayNo.swift */ = {isa = PBXFileReference; lastKnownFileType = sourcecode.swift; path = LichSuVayNo.swift; sourceTree = "<group>"; };
		C264152D252B0CC3001CB558 /* LichSuViewController.swift */ = {isa = PBXFileReference; lastKnownFileType = sourcecode.swift; path = LichSuViewController.swift; sourceTree = "<group>"; };
		C2641530252B105D001CB558 /* LichSuTableViewCell.swift */ = {isa = PBXFileReference; lastKnownFileType = sourcecode.swift; path = LichSuTableViewCell.swift; sourceTree = "<group>"; };
		C2641531252B105D001CB558 /* LichSuTableViewCell.xib */ = {isa = PBXFileReference; lastKnownFileType = file.xib; path = LichSuTableViewCell.xib; sourceTree = "<group>"; };
		C2641534252B1151001CB558 /* LichSu2TableViewCell.swift */ = {isa = PBXFileReference; lastKnownFileType = sourcecode.swift; path = LichSu2TableViewCell.swift; sourceTree = "<group>"; };
		C2641535252B1151001CB558 /* LichSu2TableViewCell.xib */ = {isa = PBXFileReference; lastKnownFileType = file.xib; path = LichSu2TableViewCell.xib; sourceTree = "<group>"; };
		C2641538252B25D3001CB558 /* ChiTietLichSuViewController.swift */ = {isa = PBXFileReference; lastKnownFileType = sourcecode.swift; path = ChiTietLichSuViewController.swift; sourceTree = "<group>"; };
		C264414C252C0997001610A6 /* BaoCaoViewController.swift */ = {isa = PBXFileReference; lastKnownFileType = sourcecode.swift; path = BaoCaoViewController.swift; sourceTree = "<group>"; };
		C264414F252C10CB001610A6 /* BaoCao.swift */ = {isa = PBXFileReference; lastKnownFileType = sourcecode.swift; path = BaoCao.swift; sourceTree = "<group>"; };
		C2659C7A251079C00021BC9D /* NameTableViewCell.swift */ = {isa = PBXFileReference; lastKnownFileType = sourcecode.swift; path = NameTableViewCell.swift; sourceTree = "<group>"; };
		C2659C7B251079C00021BC9D /* NameTableViewCell.xib */ = {isa = PBXFileReference; lastKnownFileType = file.xib; path = NameTableViewCell.xib; sourceTree = "<group>"; };
		C2659CAD2510AA660021BC9D /* MacDinhTableViewCell.swift */ = {isa = PBXFileReference; lastKnownFileType = sourcecode.swift; path = MacDinhTableViewCell.swift; sourceTree = "<group>"; };
		C2659CAE2510AA660021BC9D /* MacDinhTableViewCell.xib */ = {isa = PBXFileReference; lastKnownFileType = file.xib; path = MacDinhTableViewCell.xib; sourceTree = "<group>"; };
		C2659CB12510AA760021BC9D /* MatKhauTableViewCell.swift */ = {isa = PBXFileReference; lastKnownFileType = sourcecode.swift; path = MatKhauTableViewCell.swift; sourceTree = "<group>"; };
		C2659CB22510AA760021BC9D /* MatKhauTableViewCell.xib */ = {isa = PBXFileReference; lastKnownFileType = file.xib; path = MatKhauTableViewCell.xib; sourceTree = "<group>"; };
		C2659CB52510AA810021BC9D /* CauHinhTableViewCell.swift */ = {isa = PBXFileReference; lastKnownFileType = sourcecode.swift; path = CauHinhTableViewCell.swift; sourceTree = "<group>"; };
		C2659CB62510AA810021BC9D /* CauHinhTableViewCell.xib */ = {isa = PBXFileReference; lastKnownFileType = file.xib; path = CauHinhTableViewCell.xib; sourceTree = "<group>"; };
		C2659CB92510AD010021BC9D /* BodyCollectionViewCell.swift */ = {isa = PBXFileReference; fileEncoding = 4; lastKnownFileType = sourcecode.swift; path = BodyCollectionViewCell.swift; sourceTree = "<group>"; };
		C2659CBB2510AD090021BC9D /* BodyCollectionViewCell.xib */ = {isa = PBXFileReference; fileEncoding = 4; lastKnownFileType = file.xib; path = BodyCollectionViewCell.xib; sourceTree = "<group>"; };
		C2659CBD2510AD1B0021BC9D /* HeaderCollectionViewCell.swift */ = {isa = PBXFileReference; fileEncoding = 4; lastKnownFileType = sourcecode.swift; path = HeaderCollectionViewCell.swift; sourceTree = "<group>"; };
		C2659CBE2510AD1B0021BC9D /* HeaderCollectionViewCell.xib */ = {isa = PBXFileReference; fileEncoding = 4; lastKnownFileType = file.xib; path = HeaderCollectionViewCell.xib; sourceTree = "<group>"; };
		C2659CC42510BE740021BC9D /* CuaHangMacDinhViewController.swift */ = {isa = PBXFileReference; lastKnownFileType = sourcecode.swift; path = CuaHangMacDinhViewController.swift; sourceTree = "<group>"; };
		C2659CC62510BE8F0021BC9D /* MatKhauViewController.swift */ = {isa = PBXFileReference; lastKnownFileType = sourcecode.swift; path = MatKhauViewController.swift; sourceTree = "<group>"; };
		C2659CC82510BE9C0021BC9D /* CaiDatViewController.swift */ = {isa = PBXFileReference; lastKnownFileType = sourcecode.swift; path = CaiDatViewController.swift; sourceTree = "<group>"; };
		C265C17425071EDF000D4FAE /* F49.app */ = {isa = PBXFileReference; explicitFileType = wrapper.application; includeInIndex = 0; path = F49.app; sourceTree = BUILT_PRODUCTS_DIR; };
		C265C17725071EE0000D4FAE /* AppDelegate.swift */ = {isa = PBXFileReference; lastKnownFileType = sourcecode.swift; path = AppDelegate.swift; sourceTree = "<group>"; };
		C265C17925071EE0000D4FAE /* SceneDelegate.swift */ = {isa = PBXFileReference; lastKnownFileType = sourcecode.swift; path = SceneDelegate.swift; sourceTree = "<group>"; };
		C265C17E25071EE0000D4FAE /* Base */ = {isa = PBXFileReference; lastKnownFileType = file.storyboard; name = Base; path = Base.lproj/Main.storyboard; sourceTree = "<group>"; };
		C265C18025071EE2000D4FAE /* Assets.xcassets */ = {isa = PBXFileReference; lastKnownFileType = folder.assetcatalog; path = Assets.xcassets; sourceTree = "<group>"; };
		C265C18325071EE2000D4FAE /* Base */ = {isa = PBXFileReference; lastKnownFileType = file.storyboard; name = Base; path = Base.lproj/LaunchScreen.storyboard; sourceTree = "<group>"; };
		C265C18525071EE2000D4FAE /* Info.plist */ = {isa = PBXFileReference; lastKnownFileType = text.plist.xml; path = Info.plist; sourceTree = "<group>"; };
		C265C18F25071F91000D4FAE /* Config.swift */ = {isa = PBXFileReference; lastKnownFileType = sourcecode.swift; path = Config.swift; sourceTree = "<group>"; };
		C265C19125071FF6000D4FAE /* APIRouter.swift */ = {isa = PBXFileReference; lastKnownFileType = sourcecode.swift; path = APIRouter.swift; sourceTree = "<group>"; };
		C265C19325072158000D4FAE /* BaseResponse.swift */ = {isa = PBXFileReference; lastKnownFileType = sourcecode.swift; path = BaseResponse.swift; sourceTree = "<group>"; };
		C265C1952507218E000D4FAE /* MGConnection.swift */ = {isa = PBXFileReference; lastKnownFileType = sourcecode.swift; path = MGConnection.swift; sourceTree = "<group>"; };
		C265C199250722E0000D4FAE /* F49-Bridging-Header.h */ = {isa = PBXFileReference; lastKnownFileType = sourcecode.c.h; path = "F49-Bridging-Header.h"; sourceTree = "<group>"; };
		C265C19A250728CC000D4FAE /* LoginViewController.swift */ = {isa = PBXFileReference; lastKnownFileType = sourcecode.swift; path = LoginViewController.swift; sourceTree = "<group>"; };
		C265C19C25073A0D000D4FAE /* Token.swift */ = {isa = PBXFileReference; lastKnownFileType = sourcecode.swift; path = Token.swift; sourceTree = "<group>"; };
		C265C19E250777A1000D4FAE /* UserToken.swift */ = {isa = PBXFileReference; lastKnownFileType = sourcecode.swift; path = UserToken.swift; sourceTree = "<group>"; };
		C265C1A025078812000D4FAE /* UserProfile.swift */ = {isa = PBXFileReference; lastKnownFileType = sourcecode.swift; path = UserProfile.swift; sourceTree = "<group>"; };
		C26704A8251C2C5C00B82116 /* Underline.swift */ = {isa = PBXFileReference; lastKnownFileType = sourcecode.swift; path = Underline.swift; sourceTree = "<group>"; };
		C26704AA251C329E00B82116 /* BoLocViewController.swift */ = {isa = PBXFileReference; lastKnownFileType = sourcecode.swift; path = BoLocViewController.swift; sourceTree = "<group>"; };
		C26704AC251C92E500B82116 /* ChiTietHopDong.swift */ = {isa = PBXFileReference; lastKnownFileType = sourcecode.swift; path = ChiTietHopDong.swift; sourceTree = "<group>"; };
		C26704B2251C9B9D00B82116 /* ChiTietHopDongViewController.swift */ = {isa = PBXFileReference; lastKnownFileType = sourcecode.swift; path = ChiTietHopDongViewController.swift; sourceTree = "<group>"; };
		C267ACE02533F0F3007BCD49 /* CameraCollectionViewCell.swift */ = {isa = PBXFileReference; lastKnownFileType = sourcecode.swift; path = CameraCollectionViewCell.swift; sourceTree = "<group>"; };
		C267ACE12533F0F3007BCD49 /* CameraCollectionViewCell.xib */ = {isa = PBXFileReference; lastKnownFileType = file.xib; path = CameraCollectionViewCell.xib; sourceTree = "<group>"; };
		C267ACE52533F725007BCD49 /* Camera.swift */ = {isa = PBXFileReference; lastKnownFileType = sourcecode.swift; path = Camera.swift; sourceTree = "<group>"; };
		C267ACE825355EEC007BCD49 /* ImageCollectionViewCell.swift */ = {isa = PBXFileReference; lastKnownFileType = sourcecode.swift; path = ImageCollectionViewCell.swift; sourceTree = "<group>"; };
		C267ACE925355EEC007BCD49 /* ImageCollectionViewCell.xib */ = {isa = PBXFileReference; lastKnownFileType = file.xib; path = ImageCollectionViewCell.xib; sourceTree = "<group>"; };
		C268E51A252568B600FAF711 /* RutVon.swift */ = {isa = PBXFileReference; lastKnownFileType = sourcecode.swift; path = RutVon.swift; sourceTree = "<group>"; };
		C268E5212525783D00FAF711 /* RutVonTableViewCell.swift */ = {isa = PBXFileReference; lastKnownFileType = sourcecode.swift; path = RutVonTableViewCell.swift; sourceTree = "<group>"; };
		C268E5222525783D00FAF711 /* RutVonTableViewCell.xib */ = {isa = PBXFileReference; lastKnownFileType = file.xib; path = RutVonTableViewCell.xib; sourceTree = "<group>"; };
		C268E52525258D9F00FAF711 /* RutVonChiTietTableViewCell.swift */ = {isa = PBXFileReference; lastKnownFileType = sourcecode.swift; path = RutVonChiTietTableViewCell.swift; sourceTree = "<group>"; };
		C268E52625258D9F00FAF711 /* RutVonChiTietTableViewCell.xib */ = {isa = PBXFileReference; lastKnownFileType = file.xib; path = RutVonChiTietTableViewCell.xib; sourceTree = "<group>"; };
		C268E5292525C86C00FAF711 /* Footer.swift */ = {isa = PBXFileReference; lastKnownFileType = sourcecode.swift; path = Footer.swift; sourceTree = "<group>"; };
		C268E52B2525C89400FAF711 /* Footer.xib */ = {isa = PBXFileReference; lastKnownFileType = file.xib; path = Footer.xib; sourceTree = "<group>"; };
		C268E52E2525D4DA00FAF711 /* ButtonFooterCollectionViewCell.swift */ = {isa = PBXFileReference; lastKnownFileType = sourcecode.swift; path = ButtonFooterCollectionViewCell.swift; sourceTree = "<group>"; };
		C268E52F2525D4DA00FAF711 /* ButtonFooterCollectionViewCell.xib */ = {isa = PBXFileReference; lastKnownFileType = file.xib; path = ButtonFooterCollectionViewCell.xib; sourceTree = "<group>"; };
		C2695BEA2508BF9200E3A3C8 /* HomeViewController.swift */ = {isa = PBXFileReference; lastKnownFileType = sourcecode.swift; path = HomeViewController.swift; sourceTree = "<group>"; };
		C2695BEC2508C62400E3A3C8 /* UserViewController.swift */ = {isa = PBXFileReference; lastKnownFileType = sourcecode.swift; path = UserViewController.swift; sourceTree = "<group>"; };
		C2695BEE2508F69B00E3A3C8 /* SplashScreenViewController.swift */ = {isa = PBXFileReference; lastKnownFileType = sourcecode.swift; path = SplashScreenViewController.swift; sourceTree = "<group>"; };
		C26BB5DE25241A050024D236 /* TabbarButton.swift */ = {isa = PBXFileReference; lastKnownFileType = sourcecode.swift; path = TabbarButton.swift; sourceTree = "<group>"; };
		C26BB5E2252430BD0024D236 /* DanhSachNhanVien.swift */ = {isa = PBXFileReference; lastKnownFileType = sourcecode.swift; path = DanhSachNhanVien.swift; sourceTree = "<group>"; };
		C26BB5E4252434CD0024D236 /* RutLaiChiTietViewController.swift */ = {isa = PBXFileReference; lastKnownFileType = sourcecode.swift; path = RutLaiChiTietViewController.swift; sourceTree = "<group>"; };
		C26BB5E6252437F70024D236 /* QuanLyVonDauTu.swift */ = {isa = PBXFileReference; lastKnownFileType = sourcecode.swift; path = QuanLyVonDauTu.swift; sourceTree = "<group>"; };
		C26BB5E925243A8F0024D236 /* VonDauTuViewController.swift */ = {isa = PBXFileReference; lastKnownFileType = sourcecode.swift; path = VonDauTuViewController.swift; sourceTree = "<group>"; };
		C26BB5EB25244CB40024D236 /* VonDauTuChiTiet.swift */ = {isa = PBXFileReference; lastKnownFileType = sourcecode.swift; path = VonDauTuChiTiet.swift; sourceTree = "<group>"; };
		C26BB5EE25247FC50024D236 /* QuanLyVonTableViewCell.swift */ = {isa = PBXFileReference; lastKnownFileType = sourcecode.swift; path = QuanLyVonTableViewCell.swift; sourceTree = "<group>"; };
		C26BB5EF25247FC50024D236 /* QuanLyVonTableViewCell.xib */ = {isa = PBXFileReference; lastKnownFileType = file.xib; path = QuanLyVonTableViewCell.xib; sourceTree = "<group>"; };
		C282CBF22511A61400F62B63 /* NavigationBar.xib */ = {isa = PBXFileReference; lastKnownFileType = file.xib; path = NavigationBar.xib; sourceTree = "<group>"; };
		C282CBF42511A73400F62B63 /* NavigationBar.swift */ = {isa = PBXFileReference; lastKnownFileType = sourcecode.swift; path = NavigationBar.swift; sourceTree = "<group>"; };
		C282CBF72511CB8500F62B63 /* ShopUITableViewCell.swift */ = {isa = PBXFileReference; lastKnownFileType = sourcecode.swift; path = ShopUITableViewCell.swift; sourceTree = "<group>"; };
		C282CBF82511CB8500F62B63 /* ShopUITableViewCell.xib */ = {isa = PBXFileReference; lastKnownFileType = file.xib; path = ShopUITableViewCell.xib; sourceTree = "<group>"; };
		C282CC0925120A6D00F62B63 /* UtilitiesViewController.swift */ = {isa = PBXFileReference; lastKnownFileType = sourcecode.swift; path = UtilitiesViewController.swift; sourceTree = "<group>"; };
		C282CC0E251211E700F62B63 /* UtilitiesHeaderCollectionViewCell.swift */ = {isa = PBXFileReference; lastKnownFileType = sourcecode.swift; path = UtilitiesHeaderCollectionViewCell.swift; sourceTree = "<group>"; };
		C282CC0F251211E700F62B63 /* UtilitiesHeaderCollectionViewCell.xib */ = {isa = PBXFileReference; lastKnownFileType = file.xib; path = UtilitiesHeaderCollectionViewCell.xib; sourceTree = "<group>"; };
		C282CC12251219B200F62B63 /* UtilitiesBodyCollectionViewCell.swift */ = {isa = PBXFileReference; lastKnownFileType = sourcecode.swift; path = UtilitiesBodyCollectionViewCell.swift; sourceTree = "<group>"; };
		C282CC13251219B200F62B63 /* UtilitiesBodyCollectionViewCell.xib */ = {isa = PBXFileReference; lastKnownFileType = file.xib; path = UtilitiesBodyCollectionViewCell.xib; sourceTree = "<group>"; };
		C28821B225288E6D00EF6B91 /* ThanhLyTaiSanChiTietViewController.swift */ = {isa = PBXFileReference; lastKnownFileType = sourcecode.swift; path = ThanhLyTaiSanChiTietViewController.swift; sourceTree = "<group>"; };
		C28821B5252895DE00EF6B91 /* ThanhLyTaiSanTableViewCell.swift */ = {isa = PBXFileReference; lastKnownFileType = sourcecode.swift; path = ThanhLyTaiSanTableViewCell.swift; sourceTree = "<group>"; };
		C28821B6252895DE00EF6B91 /* ThanhLyTaiSanTableViewCell.xib */ = {isa = PBXFileReference; lastKnownFileType = file.xib; path = ThanhLyTaiSanTableViewCell.xib; sourceTree = "<group>"; };
		C288472E250B0F7200CB84FA /* Contants.swift */ = {isa = PBXFileReference; lastKnownFileType = sourcecode.swift; path = Contants.swift; sourceTree = "<group>"; };
		C2BC99C82521873600796448 /* HOME.storyboard */ = {isa = PBXFileReference; fileEncoding = 4; lastKnownFileType = file.storyboard; path = HOME.storyboard; sourceTree = "<group>"; };
		C2BC99C92521873700796448 /* TINNHAN.storyboard */ = {isa = PBXFileReference; fileEncoding = 4; lastKnownFileType = file.storyboard; path = TINNHAN.storyboard; sourceTree = "<group>"; };
		C2BC99CA2521873800796448 /* THONGBAO.storyboard */ = {isa = PBXFileReference; fileEncoding = 4; lastKnownFileType = file.storyboard; path = THONGBAO.storyboard; sourceTree = "<group>"; };
		C2BC99CB2521873900796448 /* USER.storyboard */ = {isa = PBXFileReference; fileEncoding = 4; lastKnownFileType = file.storyboard; path = USER.storyboard; sourceTree = "<group>"; };
		C2BC99CC2521873900796448 /* TIENICH.storyboard */ = {isa = PBXFileReference; fileEncoding = 4; lastKnownFileType = file.storyboard; path = TIENICH.storyboard; sourceTree = "<group>"; };
		C2BC99D225219D3200796448 /* Notification.swift */ = {isa = PBXFileReference; lastKnownFileType = sourcecode.swift; path = Notification.swift; sourceTree = "<group>"; };
		C2C2583B25133EF20048FAB2 /* TienIch.swift */ = {isa = PBXFileReference; lastKnownFileType = sourcecode.swift; path = TienIch.swift; sourceTree = "<group>"; };
		C2C2583E25135AD30048FAB2 /* CamDoViewController.swift */ = {isa = PBXFileReference; lastKnownFileType = sourcecode.swift; path = CamDoViewController.swift; sourceTree = "<group>"; };
		C2C25842251373C90048FAB2 /* CamDoTableViewCell.swift */ = {isa = PBXFileReference; lastKnownFileType = sourcecode.swift; path = CamDoTableViewCell.swift; sourceTree = "<group>"; };
		C2C25843251373C90048FAB2 /* CamDoTableViewCell.xib */ = {isa = PBXFileReference; lastKnownFileType = file.xib; path = CamDoTableViewCell.xib; sourceTree = "<group>"; };
		C2C2584625144BC60048FAB2 /* Status.swift */ = {isa = PBXFileReference; lastKnownFileType = sourcecode.swift; path = Status.swift; sourceTree = "<group>"; };
		C2C2584825144D7A0048FAB2 /* CamDo.swift */ = {isa = PBXFileReference; lastKnownFileType = sourcecode.swift; path = CamDo.swift; sourceTree = "<group>"; };
		C2C2584F25145FA00048FAB2 /* ThongTinCamDoViewController.swift */ = {isa = PBXFileReference; lastKnownFileType = sourcecode.swift; path = ThongTinCamDoViewController.swift; sourceTree = "<group>"; };
		C2C2585225148F380048FAB2 /* InfoCamDoTableViewCell.swift */ = {isa = PBXFileReference; lastKnownFileType = sourcecode.swift; path = InfoCamDoTableViewCell.swift; sourceTree = "<group>"; };
		C2C2585325148F380048FAB2 /* InfoCamDoTableViewCell.xib */ = {isa = PBXFileReference; lastKnownFileType = file.xib; path = InfoCamDoTableViewCell.xib; sourceTree = "<group>"; };
		C2C25856251491FA0048FAB2 /* CheckBoxTableViewCell.swift */ = {isa = PBXFileReference; lastKnownFileType = sourcecode.swift; path = CheckBoxTableViewCell.swift; sourceTree = "<group>"; };
		C2C25857251491FA0048FAB2 /* CheckBoxTableViewCell.xib */ = {isa = PBXFileReference; lastKnownFileType = file.xib; path = CheckBoxTableViewCell.xib; sourceTree = "<group>"; };
		C2C2585A251496770048FAB2 /* CamDoChiTiet.swift */ = {isa = PBXFileReference; lastKnownFileType = sourcecode.swift; path = CamDoChiTiet.swift; sourceTree = "<group>"; };
		C2C258682514B1E10048FAB2 /* Menu.xib */ = {isa = PBXFileReference; lastKnownFileType = file.xib; path = Menu.xib; sourceTree = "<group>"; };
		C2C2586A2514B1ED0048FAB2 /* Menu.swift */ = {isa = PBXFileReference; lastKnownFileType = sourcecode.swift; path = Menu.swift; sourceTree = "<group>"; };
		C2C2586E2514BF890048FAB2 /* MenuHeader.swift */ = {isa = PBXFileReference; lastKnownFileType = sourcecode.swift; path = MenuHeader.swift; sourceTree = "<group>"; };
		C2C25870251626150048FAB2 /* TestCollectionViewController.swift */ = {isa = PBXFileReference; lastKnownFileType = sourcecode.swift; path = TestCollectionViewController.swift; sourceTree = "<group>"; };
		C2C25874251642C30048FAB2 /* DinhGia.swift */ = {isa = PBXFileReference; lastKnownFileType = sourcecode.swift; path = DinhGia.swift; sourceTree = "<group>"; };
		C2C25876251643FC0048FAB2 /* DoGiaDung.swift */ = {isa = PBXFileReference; lastKnownFileType = sourcecode.swift; path = DoGiaDung.swift; sourceTree = "<group>"; };
		C2E4D67D25179EC400622DF6 /* DinhGiaChiTiet.swift */ = {isa = PBXFileReference; lastKnownFileType = sourcecode.swift; path = DinhGiaChiTiet.swift; sourceTree = "<group>"; };
		C2E4D67F25179F0C00622DF6 /* DoGiaDungChiTiet.swift */ = {isa = PBXFileReference; lastKnownFileType = sourcecode.swift; path = DoGiaDungChiTiet.swift; sourceTree = "<group>"; };
		C2E4D6812517A3CD00622DF6 /* ImageTableViewCell.swift */ = {isa = PBXFileReference; lastKnownFileType = sourcecode.swift; path = ImageTableViewCell.swift; sourceTree = "<group>"; };
		C2E4D6822517A3CD00622DF6 /* ImageTableViewCell.xib */ = {isa = PBXFileReference; lastKnownFileType = file.xib; path = ImageTableViewCell.xib; sourceTree = "<group>"; };
		C2F4F698252EAC3600A9C86C /* ThuLai3TableViewCell.swift */ = {isa = PBXFileReference; lastKnownFileType = sourcecode.swift; path = ThuLai3TableViewCell.swift; sourceTree = "<group>"; };
		C2F4F699252EAC3600A9C86C /* ThuLai3TableViewCell.xib */ = {isa = PBXFileReference; lastKnownFileType = file.xib; path = ThuLai3TableViewCell.xib; sourceTree = "<group>"; };
		E42C8533E2BF20FFED4D10D1 /* Pods-F49.release.xcconfig */ = {isa = PBXFileReference; includeInIndex = 1; lastKnownFileType = text.xcconfig; name = "Pods-F49.release.xcconfig"; path = "Target Support Files/Pods-F49/Pods-F49.release.xcconfig"; sourceTree = "<group>"; };
		E65DEDA807C3DBF97E92936A /* Pods-F49.debug.xcconfig */ = {isa = PBXFileReference; includeInIndex = 1; lastKnownFileType = text.xcconfig; name = "Pods-F49.debug.xcconfig"; path = "Target Support Files/Pods-F49/Pods-F49.debug.xcconfig"; sourceTree = "<group>"; };
/* End PBXFileReference section */

/* Begin PBXFrameworksBuildPhase section */
		C265C17125071EDF000D4FAE /* Frameworks */ = {
			isa = PBXFrameworksBuildPhase;
			buildActionMask = 2147483647;
			files = (
				CAB33D739092F3991E860E43 /* Pods_F49.framework in Frameworks */,
			);
			runOnlyForDeploymentPostprocessing = 0;
		};
/* End PBXFrameworksBuildPhase section */

/* Begin PBXGroup section */
		0A5AD0ECE7DFF2EC53407059 /* Pods */ = {
			isa = PBXGroup;
			children = (
				E65DEDA807C3DBF97E92936A /* Pods-F49.debug.xcconfig */,
				E42C8533E2BF20FFED4D10D1 /* Pods-F49.release.xcconfig */,
			);
			path = Pods;
			sourceTree = "<group>";
		};
		C20FF739251F18BB0096A38F /* NotificationView */ = {
			isa = PBXGroup;
			children = (
				C20FF73A251F18E20096A38F /* NotificationViewController.swift */,
			);
			path = NotificationView;
			sourceTree = "<group>";
		};
		C20FF73C251F36220096A38F /* Notification */ = {
			isa = PBXGroup;
			children = (
				C20FF73D251F36500096A38F /* NotificationTableViewCell.swift */,
				C20FF73E251F36500096A38F /* NotificationTableViewCell.xib */,
			);
			path = Notification;
			sourceTree = "<group>";
		};
		C243DCC2251D87DF004C6347 /* QuanLyThuChi */ = {
			isa = PBXGroup;
			children = (
				C243DCC3251D8806004C6347 /* ThuChiViewController.swift */,
				C243DCCC251DA276004C6347 /* ThongTinThuChiViewController.swift */,
			);
			path = QuanLyThuChi;
			sourceTree = "<group>";
		};
		C2594D042519A16100A99713 /* HopDongCamDo */ = {
			isa = PBXGroup;
			children = (
				C2594D052519A1A000A99713 /* HopDongCamDoViewController.swift */,
				C2594D122519F65400A99713 /* HopDongMoViewController.swift */,
				C26704AA251C329E00B82116 /* BoLocViewController.swift */,
				C26704B2251C9B9D00B82116 /* ChiTietHopDongViewController.swift */,
				C264151E252ABE10001CB558 /* OptionViewController.swift */,
				C264152D252B0CC3001CB558 /* LichSuViewController.swift */,
				C2641538252B25D3001CB558 /* ChiTietLichSuViewController.swift */,
				C25E7EE2252DC52300490F8D /* DongLaiViewController.swift */,
				C25A9F992531908000F1D062 /* CameraViewController.swift */,
				C259CD94253708CA00CD527D /* CreateHĐCamDoViewController.swift */,
			);
			path = HopDongCamDo;
			sourceTree = "<group>";
		};
		C2594D0D2519A6FD00A99713 /* ContractOpen */ = {
			isa = PBXGroup;
			children = (
				C2594D0E2519A71F00A99713 /* ContractOpenTableViewCell.swift */,
				C2594D0F2519A71F00A99713 /* ContractOpenTableViewCell.xib */,
			);
			path = ContractOpen;
			sourceTree = "<group>";
		};
		C25E7ED2252D68C700490F8D /* TienHoaHongView */ = {
			isa = PBXGroup;
			children = (
				C25E7ED3252D68FA00490F8D /* HeaderTienHoaHongTableViewCell.swift */,
				C25E7ED4252D68FA00490F8D /* HeaderTienHoaHongTableViewCell.xib */,
				C25E7ED7252D6E2800490F8D /* BodyTienHoaHongTableViewCell.swift */,
				C25E7ED8252D6E2800490F8D /* BodyTienHoaHongTableViewCell.xib */,
			);
			path = TienHoaHongView;
			sourceTree = "<group>";
		};
		C25E7EDB252D757600490F8D /* TienHoaHong */ = {
			isa = PBXGroup;
			children = (
				C25E7EDC252D75B600490F8D /* NhanVien.swift */,
			);
			path = TienHoaHong;
			sourceTree = "<group>";
		};
		C25E7EE4252DCB0E00490F8D /* ThuLai */ = {
			isa = PBXGroup;
			children = (
				C25E7EE5252DCB1E00490F8D /* ThuLai.swift */,
			);
			path = ThuLai;
			sourceTree = "<group>";
		};
		C25ED68D25271E08004662A1 /* ThanhLyTaiSan */ = {
			isa = PBXGroup;
			children = (
				C25ED68E25271E21004662A1 /* ThanhLyTaiSanViewController.swift */,
				C28821B225288E6D00EF6B91 /* ThanhLyTaiSanChiTietViewController.swift */,
			);
			path = ThanhLyTaiSan;
			sourceTree = "<group>";
		};
		C25ED690252724F4004662A1 /* QuanLyTaiSan */ = {
			isa = PBXGroup;
			children = (
				C25ED6912527253A004662A1 /* NhomTaiSan.swift */,
			);
			path = QuanLyTaiSan;
			sourceTree = "<group>";
		};
		C26310882522C69C0056FD6F /* RutLai&RutVon */ = {
			isa = PBXGroup;
			children = (
				C26310892522C6B10056FD6F /* RutLaiViewController.swift */,
				C263108D2522D4E70056FD6F /* RutLaiContainerViewController.swift */,
				C26BB5E4252434CD0024D236 /* RutLaiChiTietViewController.swift */,
			);
			path = "RutLai&RutVon";
			sourceTree = "<group>";
		};
		C2641519252AB4A9001CB558 /* ThongTinHopDong */ = {
			isa = PBXGroup;
			children = (
				C264152F252B1034001CB558 /* LichSu */,
				C2641520252ACC1D001CB558 /* ThongTinHopDongTableViewCell.swift */,
				C2641521252ACC1D001CB558 /* ThongTinHopDongTableViewCell.xib */,
				C2641524252AD19C001CB558 /* TacVuTableViewCell.swift */,
				C2641525252AD19C001CB558 /* TacVuTableViewCell.xib */,
			);
			path = ThongTinHopDong;
			sourceTree = "<group>";
		};
		C2641528252AD780001CB558 /* LichSu */ = {
			isa = PBXGroup;
			children = (
				C2641529252AD793001CB558 /* LichSuGiaoDich.swift */,
				C264152B252B06D4001CB558 /* LichSuVayNo.swift */,
			);
			path = LichSu;
			sourceTree = "<group>";
		};
		C264152F252B1034001CB558 /* LichSu */ = {
			isa = PBXGroup;
			children = (
				C2641530252B105D001CB558 /* LichSuTableViewCell.swift */,
				C2641531252B105D001CB558 /* LichSuTableViewCell.xib */,
				C2641534252B1151001CB558 /* LichSu2TableViewCell.swift */,
				C2641535252B1151001CB558 /* LichSu2TableViewCell.xib */,
			);
			path = LichSu;
			sourceTree = "<group>";
		};
		C264414A252C08DD001610A6 /* TienHoaHong */ = {
			isa = PBXGroup;
			children = (
				C25E7ED0252D680000490F8D /* TienHoaHongViewController.swift */,
			);
			path = TienHoaHong;
			sourceTree = "<group>";
		};
		C264414B252C0985001610A6 /* BaoCaoTongHop */ = {
			isa = PBXGroup;
			children = (
				C264414C252C0997001610A6 /* BaoCaoViewController.swift */,
			);
			path = BaoCaoTongHop;
			sourceTree = "<group>";
		};
		C264414E252C10B3001610A6 /* BaoCao */ = {
			isa = PBXGroup;
			children = (
				C264414F252C10CB001610A6 /* BaoCao.swift */,
			);
			path = BaoCao;
			sourceTree = "<group>";
		};
		C2659C702510609C0021BC9D /* UserView */ = {
			isa = PBXGroup;
			children = (
				C2659C982510A4870021BC9D /* SubBodyTableViewCell */,
				C2659C79251079A40021BC9D /* BodyTableViewCell */,
			);
			name = UserView;
			path = "Tôi View";
			sourceTree = "<group>";
		};
		C2659C79251079A40021BC9D /* BodyTableViewCell */ = {
			isa = PBXGroup;
			children = (
				C2659C7A251079C00021BC9D /* NameTableViewCell.swift */,
				C2659C7B251079C00021BC9D /* NameTableViewCell.xib */,
			);
			path = BodyTableViewCell;
			sourceTree = "<group>";
		};
		C2659C982510A4870021BC9D /* SubBodyTableViewCell */ = {
			isa = PBXGroup;
			children = (
				C2659CAD2510AA660021BC9D /* MacDinhTableViewCell.swift */,
				C2659CAE2510AA660021BC9D /* MacDinhTableViewCell.xib */,
				C2659CB12510AA760021BC9D /* MatKhauTableViewCell.swift */,
				C2659CB22510AA760021BC9D /* MatKhauTableViewCell.xib */,
				C2659CB52510AA810021BC9D /* CauHinhTableViewCell.swift */,
				C2659CB62510AA810021BC9D /* CauHinhTableViewCell.xib */,
				C243DCD0251DF001004C6347 /* LogOutTableViewCell.swift */,
				C243DCD1251DF001004C6347 /* LogOutTableViewCell.xib */,
			);
			path = SubBodyTableViewCell;
			sourceTree = "<group>";
		};
		C2659CC12510ADB40021BC9D /* HomeView */ = {
			isa = PBXGroup;
			children = (
				C2659CBD2510AD1B0021BC9D /* HeaderCollectionViewCell.swift */,
				C2659CBE2510AD1B0021BC9D /* HeaderCollectionViewCell.xib */,
				C2659CBB2510AD090021BC9D /* BodyCollectionViewCell.xib */,
				C2659CB92510AD010021BC9D /* BodyCollectionViewCell.swift */,
			);
			path = HomeView;
			sourceTree = "<group>";
		};
		C2659CC22510BE2D0021BC9D /* UserView */ = {
			isa = PBXGroup;
			children = (
				C2695BEC2508C62400E3A3C8 /* UserViewController.swift */,
				C2659CC42510BE740021BC9D /* CuaHangMacDinhViewController.swift */,
				C2659CC62510BE8F0021BC9D /* MatKhauViewController.swift */,
				C2659CC82510BE9C0021BC9D /* CaiDatViewController.swift */,
			);
			name = UserView;
			path = "Tôi View";
			sourceTree = "<group>";
		};
		C2659CC32510BE3E0021BC9D /* HomeView */ = {
			isa = PBXGroup;
			children = (
				C2695BEA2508BF9200E3A3C8 /* HomeViewController.swift */,
			);
			path = HomeView;
			sourceTree = "<group>";
		};
		C265C16B25071EDF000D4FAE = {
			isa = PBXGroup;
			children = (
				C265C17625071EE0000D4FAE /* F49 */,
				C265C17525071EE0000D4FAE /* Products */,
				0A5AD0ECE7DFF2EC53407059 /* Pods */,
				FB6D794E8FEFCEC15328425A /* Frameworks */,
			);
			sourceTree = "<group>";
		};
		C265C17525071EE0000D4FAE /* Products */ = {
			isa = PBXGroup;
			children = (
				C265C17425071EDF000D4FAE /* F49.app */,
			);
			name = Products;
			sourceTree = "<group>";
		};
		C265C17625071EE0000D4FAE /* F49 */ = {
			isa = PBXGroup;
			children = (
				C2BC99C7252186C400796448 /* StoryBoard */,
				C2661CE4250A074500430595 /* Components */,
				C2661CCE2509D5BE00430595 /* Custom Cell */,
				C265C18E25071F4E000D4FAE /* Helpers */,
				C265C18D25071F09000D4FAE /* View Controllers */,
				C265C18C25071EFE000D4FAE /* Models */,
				C265C18B25071EF1000D4FAE /* Service */,
				C265C17725071EE0000D4FAE /* AppDelegate.swift */,
				C265C17925071EE0000D4FAE /* SceneDelegate.swift */,
				C265C17D25071EE0000D4FAE /* Main.storyboard */,
				C265C18025071EE2000D4FAE /* Assets.xcassets */,
				C265C18225071EE2000D4FAE /* LaunchScreen.storyboard */,
				C265C18525071EE2000D4FAE /* Info.plist */,
				C265C199250722E0000D4FAE /* F49-Bridging-Header.h */,
				C2C25870251626150048FAB2 /* TestCollectionViewController.swift */,
			);
			path = F49;
			sourceTree = "<group>";
		};
		C265C18B25071EF1000D4FAE /* Service */ = {
			isa = PBXGroup;
			children = (
				C265C18F25071F91000D4FAE /* Config.swift */,
				C265C19125071FF6000D4FAE /* APIRouter.swift */,
				C265C19325072158000D4FAE /* BaseResponse.swift */,
				C265C1952507218E000D4FAE /* MGConnection.swift */,
			);
			path = Service;
			sourceTree = "<group>";
		};
		C265C18C25071EFE000D4FAE /* Models */ = {
			isa = PBXGroup;
			children = (
				C267ACE42533F6FB007BCD49 /* Camera */,
				C25E7EE4252DCB0E00490F8D /* ThuLai */,
				C25E7EDB252D757600490F8D /* TienHoaHong */,
				C264414E252C10B3001610A6 /* BaoCao */,
				C2641528252AD780001CB558 /* LichSu */,
				C25ED690252724F4004662A1 /* QuanLyTaiSan */,
				C265C19C25073A0D000D4FAE /* Token.swift */,
				C265C1A025078812000D4FAE /* UserProfile.swift */,
				C261B4C0250F261900B63043 /* CuaHang.swift */,
				C261B4C6250F58AD00B63043 /* DashBoard.swift */,
				C2C2583B25133EF20048FAB2 /* TienIch.swift */,
				C2C2584625144BC60048FAB2 /* Status.swift */,
				C2C2584825144D7A0048FAB2 /* CamDo.swift */,
				C2C2585A251496770048FAB2 /* CamDoChiTiet.swift */,
				C2C2586E2514BF890048FAB2 /* MenuHeader.swift */,
				C2C25874251642C30048FAB2 /* DinhGia.swift */,
				C2C25876251643FC0048FAB2 /* DoGiaDung.swift */,
				C2E4D67D25179EC400622DF6 /* DinhGiaChiTiet.swift */,
				C2E4D67F25179F0C00622DF6 /* DoGiaDungChiTiet.swift */,
				C25AD64D251B27890091CA6D /* GetTab.swift */,
				C25AD64F251B2A290091CA6D /* HopDongTheoLoai.swift */,
				C26704AC251C92E500B82116 /* ChiTietHopDong.swift */,
				C243DCCA251D9043004C6347 /* ThuChi.swift */,
				C243DCCE251DA539004C6347 /* ThongTinThuChi.swift */,
				C2BC99D225219D3200796448 /* Notification.swift */,
				C263108B2522D0310056FD6F /* TabTrangThai.swift */,
				C263108F2522D84B0056FD6F /* ListRutLai.swift */,
				C26BB5E2252430BD0024D236 /* DanhSachNhanVien.swift */,
				C26BB5E6252437F70024D236 /* QuanLyVonDauTu.swift */,
				C26BB5EB25244CB40024D236 /* VonDauTuChiTiet.swift */,
				C268E51A252568B600FAF711 /* RutVon.swift */,
			);
			path = Models;
			sourceTree = "<group>";
		};
		C265C18D25071F09000D4FAE /* View Controllers */ = {
			isa = PBXGroup;
			children = (
				C20FF739251F18BB0096A38F /* NotificationView */,
				C2C2584E25145F380048FAB2 /* InfoCamDoView */,
				C2C2583D25135A9D0048FAB2 /* TopMenuView */,
				C282CC0825120A4A00F62B63 /* UtilitiesView */,
				C2659CC32510BE3E0021BC9D /* HomeView */,
				C2659CC22510BE2D0021BC9D /* UserView */,
				C265C19A250728CC000D4FAE /* LoginViewController.swift */,
				C2695BEE2508F69B00E3A3C8 /* SplashScreenViewController.swift */,
			);
			path = "View Controllers";
			sourceTree = "<group>";
		};
		C265C18E25071F4E000D4FAE /* Helpers */ = {
			isa = PBXGroup;
			children = (
				C2884734250B21B600CB84FA /* Defaults */,
				C261B4C4250F556900B63043 /* ExtensionUIView.swift */,
				C26310932522EF900056FD6F /* BaseController.swift */,
				C26BB5DE25241A050024D236 /* TabbarButton.swift */,
			);
			path = Helpers;
			sourceTree = "<group>";
		};
		C2661CCE2509D5BE00430595 /* Custom Cell */ = {
			isa = PBXGroup;
			children = (
				C267ACE725355ED7007BCD49 /* ChiTietHopDong */,
				C2EBBCB32532E617007F4214 /* Camera */,
				C2F4F68F252EA6F900A9C86C /* ThuLai */,
				C25E7ED2252D68C700490F8D /* TienHoaHongView */,
				C2641519252AB4A9001CB558 /* ThongTinHopDong */,
				C28821B4252895BF00EF6B91 /* ThanhLyTaiSan */,
				C268E51C2525778A00FAF711 /* QuanLyVon */,
				C26BB5ED25247FAA0024D236 /* RutVon */,
				C20FF73C251F36220096A38F /* Notification */,
				C2594D0D2519A6FD00A99713 /* ContractOpen */,
				C2C258412513739B0048FAB2 /* CamDo */,
				C2C2585125148F180048FAB2 /* InfoCamDo */,
				C282CC032512059C00F62B63 /* UtilitiesView */,
				C282CBF62511C9B000F62B63 /* ShopView */,
				C2659CC12510ADB40021BC9D /* HomeView */,
				C2659C702510609C0021BC9D /* UserView */,
			);
			path = "Custom Cell";
			sourceTree = "<group>";
		};
		C2661CE4250A074500430595 /* Components */ = {
			isa = PBXGroup;
			children = (
				C282CBF22511A61400F62B63 /* NavigationBar.xib */,
				C282CBF42511A73400F62B63 /* NavigationBar.swift */,
				C2C258682514B1E10048FAB2 /* Menu.xib */,
				C2C2586A2514B1ED0048FAB2 /* Menu.swift */,
				C26704A8251C2C5C00B82116 /* Underline.swift */,
				C268E5292525C86C00FAF711 /* Footer.swift */,
				C268E52B2525C89400FAF711 /* Footer.xib */,
			);
			path = Components;
			sourceTree = "<group>";
		};
		C267ACE42533F6FB007BCD49 /* Camera */ = {
			isa = PBXGroup;
			children = (
				C267ACE52533F725007BCD49 /* Camera.swift */,
			);
			path = Camera;
			sourceTree = "<group>";
		};
		C267ACE725355ED7007BCD49 /* ChiTietHopDong */ = {
			isa = PBXGroup;
			children = (
				C267ACE825355EEC007BCD49 /* ImageCollectionViewCell.swift */,
				C267ACE925355EEC007BCD49 /* ImageCollectionViewCell.xib */,
			);
			path = ChiTietHopDong;
			sourceTree = "<group>";
		};
		C268E51C2525778A00FAF711 /* QuanLyVon */ = {
			isa = PBXGroup;
			children = (
				C26BB5EE25247FC50024D236 /* QuanLyVonTableViewCell.swift */,
				C26BB5EF25247FC50024D236 /* QuanLyVonTableViewCell.xib */,
			);
			path = QuanLyVon;
			sourceTree = "<group>";
		};
		C268E52D2525D4B500FAF711 /* Collection View */ = {
			isa = PBXGroup;
			children = (
				C268E52E2525D4DA00FAF711 /* ButtonFooterCollectionViewCell.swift */,
				C268E52F2525D4DA00FAF711 /* ButtonFooterCollectionViewCell.xib */,
			);
			path = "Collection View";
			sourceTree = "<group>";
		};
		C26BB5E825243A7D0024D236 /* VonDauTu */ = {
			isa = PBXGroup;
			children = (
				C26BB5E925243A8F0024D236 /* VonDauTuViewController.swift */,
			);
			path = VonDauTu;
			sourceTree = "<group>";
		};
		C26BB5ED25247FAA0024D236 /* RutVon */ = {
			isa = PBXGroup;
			children = (
				C268E52D2525D4B500FAF711 /* Collection View */,
				C268E5212525783D00FAF711 /* RutVonTableViewCell.swift */,
				C268E5222525783D00FAF711 /* RutVonTableViewCell.xib */,
				C268E52525258D9F00FAF711 /* RutVonChiTietTableViewCell.swift */,
				C268E52625258D9F00FAF711 /* RutVonChiTietTableViewCell.xib */,
				C25E7EDE252DB4C900490F8D /* RutVon2TableViewCell.swift */,
				C25E7EDF252DB4C900490F8D /* RutVon2TableViewCell.xib */,
			);
			path = RutVon;
			sourceTree = "<group>";
		};
		C282CBF62511C9B000F62B63 /* ShopView */ = {
			isa = PBXGroup;
			children = (
				C282CBF72511CB8500F62B63 /* ShopUITableViewCell.swift */,
				C282CBF82511CB8500F62B63 /* ShopUITableViewCell.xib */,
			);
			path = ShopView;
			sourceTree = "<group>";
		};
		C282CC032512059C00F62B63 /* UtilitiesView */ = {
			isa = PBXGroup;
			children = (
				C282CC0D251211B100F62B63 /* Body */,
				C282CC0B2512119800F62B63 /* Header */,
			);
			path = UtilitiesView;
			sourceTree = "<group>";
		};
		C282CC0825120A4A00F62B63 /* UtilitiesView */ = {
			isa = PBXGroup;
			children = (
				C264414B252C0985001610A6 /* BaoCaoTongHop */,
				C264414A252C08DD001610A6 /* TienHoaHong */,
				C25ED68D25271E08004662A1 /* ThanhLyTaiSan */,
				C26BB5E825243A7D0024D236 /* VonDauTu */,
				C26310882522C69C0056FD6F /* RutLai&RutVon */,
				C243DCC2251D87DF004C6347 /* QuanLyThuChi */,
				C2594D042519A16100A99713 /* HopDongCamDo */,
				C282CC0925120A6D00F62B63 /* UtilitiesViewController.swift */,
			);
			path = UtilitiesView;
			sourceTree = "<group>";
		};
		C282CC0B2512119800F62B63 /* Header */ = {
			isa = PBXGroup;
			children = (
				C282CC0E251211E700F62B63 /* UtilitiesHeaderCollectionViewCell.swift */,
				C282CC0F251211E700F62B63 /* UtilitiesHeaderCollectionViewCell.xib */,
			);
			path = Header;
			sourceTree = "<group>";
		};
		C282CC0D251211B100F62B63 /* Body */ = {
			isa = PBXGroup;
			children = (
				C282CC12251219B200F62B63 /* UtilitiesBodyCollectionViewCell.swift */,
				C282CC13251219B200F62B63 /* UtilitiesBodyCollectionViewCell.xib */,
			);
			path = Body;
			sourceTree = "<group>";
		};
		C28821B4252895BF00EF6B91 /* ThanhLyTaiSan */ = {
			isa = PBXGroup;
			children = (
				C28821B5252895DE00EF6B91 /* ThanhLyTaiSanTableViewCell.swift */,
				C28821B6252895DE00EF6B91 /* ThanhLyTaiSanTableViewCell.xib */,
			);
			path = ThanhLyTaiSan;
			sourceTree = "<group>";
		};
		C2884734250B21B600CB84FA /* Defaults */ = {
			isa = PBXGroup;
			children = (
				C288472E250B0F7200CB84FA /* Contants.swift */,
				C265C19E250777A1000D4FAE /* UserToken.swift */,
			);
			path = Defaults;
			sourceTree = "<group>";
		};
		C2BC99C7252186C400796448 /* StoryBoard */ = {
			isa = PBXGroup;
			children = (
				C2BC99CB2521873900796448 /* USER.storyboard */,
				C2BC99C92521873700796448 /* TINNHAN.storyboard */,
				C2BC99CA2521873800796448 /* THONGBAO.storyboard */,
				C2BC99CC2521873900796448 /* TIENICH.storyboard */,
				C2BC99C82521873600796448 /* HOME.storyboard */,
			);
			path = StoryBoard;
			sourceTree = "<group>";
		};
		C2C2583D25135A9D0048FAB2 /* TopMenuView */ = {
			isa = PBXGroup;
			children = (
				C2C2583E25135AD30048FAB2 /* CamDoViewController.swift */,
			);
			path = TopMenuView;
			sourceTree = "<group>";
		};
		C2C258412513739B0048FAB2 /* CamDo */ = {
			isa = PBXGroup;
			children = (
				C2C25842251373C90048FAB2 /* CamDoTableViewCell.swift */,
				C2C25843251373C90048FAB2 /* CamDoTableViewCell.xib */,
			);
			path = CamDo;
			sourceTree = "<group>";
		};
		C2C2584E25145F380048FAB2 /* InfoCamDoView */ = {
			isa = PBXGroup;
			children = (
				C2C2584F25145FA00048FAB2 /* ThongTinCamDoViewController.swift */,
			);
			path = InfoCamDoView;
			sourceTree = "<group>";
		};
		C2C2585125148F180048FAB2 /* InfoCamDo */ = {
			isa = PBXGroup;
			children = (
				C2C2585225148F380048FAB2 /* InfoCamDoTableViewCell.swift */,
				C2C2585325148F380048FAB2 /* InfoCamDoTableViewCell.xib */,
				C2C25856251491FA0048FAB2 /* CheckBoxTableViewCell.swift */,
				C2C25857251491FA0048FAB2 /* CheckBoxTableViewCell.xib */,
				C2E4D6812517A3CD00622DF6 /* ImageTableViewCell.swift */,
				C2E4D6822517A3CD00622DF6 /* ImageTableViewCell.xib */,
			);
			path = InfoCamDo;
			sourceTree = "<group>";
		};
		C2EBBCB32532E617007F4214 /* Camera */ = {
			isa = PBXGroup;
			children = (
				C267ACE02533F0F3007BCD49 /* CameraCollectionViewCell.swift */,
				C267ACE12533F0F3007BCD49 /* CameraCollectionViewCell.xib */,
			);
			path = Camera;
			sourceTree = "<group>";
		};
		C2F4F68F252EA6F900A9C86C /* ThuLai */ = {
			isa = PBXGroup;
			children = (
				C2F4F698252EAC3600A9C86C /* ThuLai3TableViewCell.swift */,
				C2F4F699252EAC3600A9C86C /* ThuLai3TableViewCell.xib */,
			);
			path = ThuLai;
			sourceTree = "<group>";
		};
		FB6D794E8FEFCEC15328425A /* Frameworks */ = {
			isa = PBXGroup;
			children = (
				07E3FC27611B8020906915F1 /* Pods_F49.framework */,
			);
			name = Frameworks;
			sourceTree = "<group>";
		};
/* End PBXGroup section */

/* Begin PBXNativeTarget section */
		C265C17325071EDF000D4FAE /* F49 */ = {
			isa = PBXNativeTarget;
			buildConfigurationList = C265C18825071EE2000D4FAE /* Build configuration list for PBXNativeTarget "F49" */;
			buildPhases = (
				7C0F86EDCC6B7DB2EFAE69FB /* [CP] Check Pods Manifest.lock */,
				C265C17025071EDF000D4FAE /* Sources */,
				C265C17125071EDF000D4FAE /* Frameworks */,
				C265C17225071EDF000D4FAE /* Resources */,
				DBB784D969E2E020E71559D7 /* [CP] Embed Pods Frameworks */,
			);
			buildRules = (
			);
			dependencies = (
			);
			name = F49;
			productName = F49;
			productReference = C265C17425071EDF000D4FAE /* F49.app */;
			productType = "com.apple.product-type.application";
		};
/* End PBXNativeTarget section */

/* Begin PBXProject section */
		C265C16C25071EDF000D4FAE /* Project object */ = {
			isa = PBXProject;
			attributes = {
				LastSwiftUpdateCheck = 1160;
				LastUpgradeCheck = 1160;
				ORGANIZATIONNAME = "Le Dat";
				TargetAttributes = {
					C265C17325071EDF000D4FAE = {
						CreatedOnToolsVersion = 11.6;
					};
				};
			};
			buildConfigurationList = C265C16F25071EDF000D4FAE /* Build configuration list for PBXProject "F49" */;
			compatibilityVersion = "Xcode 9.3";
			developmentRegion = en;
			hasScannedForEncodings = 0;
			knownRegions = (
				en,
				Base,
			);
			mainGroup = C265C16B25071EDF000D4FAE;
			productRefGroup = C265C17525071EE0000D4FAE /* Products */;
			projectDirPath = "";
			projectRoot = "";
			targets = (
				C265C17325071EDF000D4FAE /* F49 */,
			);
		};
/* End PBXProject section */

/* Begin PBXResourcesBuildPhase section */
		C265C17225071EDF000D4FAE /* Resources */ = {
			isa = PBXResourcesBuildPhase;
			buildActionMask = 2147483647;
			files = (
				C265C18425071EE2000D4FAE /* LaunchScreen.storyboard in Resources */,
				C243DCD3251DF001004C6347 /* LogOutTableViewCell.xib in Resources */,
				C2C25845251373C90048FAB2 /* CamDoTableViewCell.xib in Resources */,
				C2659CBC2510AD090021BC9D /* BodyCollectionViewCell.xib in Resources */,
				C2C2585525148F380048FAB2 /* InfoCamDoTableViewCell.xib in Resources */,
				C267ACE32533F0F3007BCD49 /* CameraCollectionViewCell.xib in Resources */,
				C2641533252B105D001CB558 /* LichSuTableViewCell.xib in Resources */,
				C268E52825258D9F00FAF711 /* RutVonChiTietTableViewCell.xib in Resources */,
				C2F4F69B252EAC3600A9C86C /* ThuLai3TableViewCell.xib in Resources */,
				C20FF740251F36500096A38F /* NotificationTableViewCell.xib in Resources */,
				C267ACEB25355EEC007BCD49 /* ImageCollectionViewCell.xib in Resources */,
				C2E4D6842517A3CD00622DF6 /* ImageTableViewCell.xib in Resources */,
				C2BC99D02521873900796448 /* USER.storyboard in Resources */,
				C2C25859251491FA0048FAB2 /* CheckBoxTableViewCell.xib in Resources */,
				C28821B8252895DE00EF6B91 /* ThanhLyTaiSanTableViewCell.xib in Resources */,
				C2BC99CE2521873900796448 /* TINNHAN.storyboard in Resources */,
				C26BB5F125247FC50024D236 /* QuanLyVonTableViewCell.xib in Resources */,
				C268E52C2525C89400FAF711 /* Footer.xib in Resources */,
				C265C18125071EE2000D4FAE /* Assets.xcassets in Resources */,
				C282CC11251211E700F62B63 /* UtilitiesHeaderCollectionViewCell.xib in Resources */,
				C268E5242525783D00FAF711 /* RutVonTableViewCell.xib in Resources */,
				C25E7EDA252D6E2800490F8D /* BodyTienHoaHongTableViewCell.xib in Resources */,
				C2C258692514B1E10048FAB2 /* Menu.xib in Resources */,
				C2BC99CF2521873900796448 /* THONGBAO.storyboard in Resources */,
				C2641523252ACC1D001CB558 /* ThongTinHopDongTableViewCell.xib in Resources */,
				C2594D112519A71F00A99713 /* ContractOpenTableViewCell.xib in Resources */,
				C2BC99D12521873900796448 /* TIENICH.storyboard in Resources */,
				C268E5312525D4DA00FAF711 /* ButtonFooterCollectionViewCell.xib in Resources */,
				C282CC15251219B200F62B63 /* UtilitiesBodyCollectionViewCell.xib in Resources */,
				C282CBF32511A61400F62B63 /* NavigationBar.xib in Resources */,
				C265C17F25071EE0000D4FAE /* Main.storyboard in Resources */,
				C2659CC02510AD1C0021BC9D /* HeaderCollectionViewCell.xib in Resources */,
				C2659C7D251079C00021BC9D /* NameTableViewCell.xib in Resources */,
				C2BC99CD2521873900796448 /* HOME.storyboard in Resources */,
				C25E7ED6252D68FA00490F8D /* HeaderTienHoaHongTableViewCell.xib in Resources */,
				C2659CB02510AA660021BC9D /* MacDinhTableViewCell.xib in Resources */,
				C282CBFA2511CB8500F62B63 /* ShopUITableViewCell.xib in Resources */,
				C2659CB42510AA760021BC9D /* MatKhauTableViewCell.xib in Resources */,
				C2659CB82510AA810021BC9D /* CauHinhTableViewCell.xib in Resources */,
				C2641537252B1151001CB558 /* LichSu2TableViewCell.xib in Resources */,
				C2641527252AD19C001CB558 /* TacVuTableViewCell.xib in Resources */,
				C25E7EE1252DB4C900490F8D /* RutVon2TableViewCell.xib in Resources */,
			);
			runOnlyForDeploymentPostprocessing = 0;
		};
/* End PBXResourcesBuildPhase section */

/* Begin PBXShellScriptBuildPhase section */
		7C0F86EDCC6B7DB2EFAE69FB /* [CP] Check Pods Manifest.lock */ = {
			isa = PBXShellScriptBuildPhase;
			buildActionMask = 2147483647;
			files = (
			);
			inputFileListPaths = (
			);
			inputPaths = (
				"${PODS_PODFILE_DIR_PATH}/Podfile.lock",
				"${PODS_ROOT}/Manifest.lock",
			);
			name = "[CP] Check Pods Manifest.lock";
			outputFileListPaths = (
			);
			outputPaths = (
				"$(DERIVED_FILE_DIR)/Pods-F49-checkManifestLockResult.txt",
			);
			runOnlyForDeploymentPostprocessing = 0;
			shellPath = /bin/sh;
			shellScript = "diff \"${PODS_PODFILE_DIR_PATH}/Podfile.lock\" \"${PODS_ROOT}/Manifest.lock\" > /dev/null\nif [ $? != 0 ] ; then\n    # print error to STDERR\n    echo \"error: The sandbox is not in sync with the Podfile.lock. Run 'pod install' or update your CocoaPods installation.\" >&2\n    exit 1\nfi\n# This output is used by Xcode 'outputs' to avoid re-running this script phase.\necho \"SUCCESS\" > \"${SCRIPT_OUTPUT_FILE_0}\"\n";
			showEnvVarsInLog = 0;
		};
		DBB784D969E2E020E71559D7 /* [CP] Embed Pods Frameworks */ = {
			isa = PBXShellScriptBuildPhase;
			buildActionMask = 2147483647;
			files = (
			);
			inputFileListPaths = (
				"${PODS_ROOT}/Target Support Files/Pods-F49/Pods-F49-frameworks-${CONFIGURATION}-input-files.xcfilelist",
			);
			name = "[CP] Embed Pods Frameworks";
			outputFileListPaths = (
				"${PODS_ROOT}/Target Support Files/Pods-F49/Pods-F49-frameworks-${CONFIGURATION}-output-files.xcfilelist",
			);
			runOnlyForDeploymentPostprocessing = 0;
			shellPath = /bin/sh;
			shellScript = "\"${PODS_ROOT}/Target Support Files/Pods-F49/Pods-F49-frameworks.sh\"\n";
			showEnvVarsInLog = 0;
		};
/* End PBXShellScriptBuildPhase section */

/* Begin PBXSourcesBuildPhase section */
		C265C17025071EDF000D4FAE /* Sources */ = {
			isa = PBXSourcesBuildPhase;
			buildActionMask = 2147483647;
			files = (
				C2594D102519A71F00A99713 /* ContractOpenTableViewCell.swift in Sources */,
				C2E4D67E25179EC400622DF6 /* DinhGiaChiTiet.swift in Sources */,
				C265C19B250728CC000D4FAE /* LoginViewController.swift in Sources */,
				C282CC10251211E700F62B63 /* UtilitiesHeaderCollectionViewCell.swift in Sources */,
				C26BB5DF25241A050024D236 /* TabbarButton.swift in Sources */,
				C25AD650251B2A290091CA6D /* HopDongTheoLoai.swift in Sources */,
				C25E7EE6252DCB1E00490F8D /* ThuLai.swift in Sources */,
				C2659CB32510AA760021BC9D /* MatKhauTableViewCell.swift in Sources */,
				C2695BED2508C62400E3A3C8 /* UserViewController.swift in Sources */,
				C25E7ED9252D6E2800490F8D /* BodyTienHoaHongTableViewCell.swift in Sources */,
				C268E52725258D9F00FAF711 /* RutVonChiTietTableViewCell.swift in Sources */,
				C282CC14251219B200F62B63 /* UtilitiesBodyCollectionViewCell.swift in Sources */,
				C265C1962507218E000D4FAE /* MGConnection.swift in Sources */,
				C264151F252ABE10001CB558 /* OptionViewController.swift in Sources */,
				C288472F250B0F7200CB84FA /* Contants.swift in Sources */,
				C26704A9251C2C5C00B82116 /* Underline.swift in Sources */,
				C2659C7C251079C00021BC9D /* NameTableViewCell.swift in Sources */,
				C28821B7252895DE00EF6B91 /* ThanhLyTaiSanTableViewCell.swift in Sources */,
				C2695BEF2508F69B00E3A3C8 /* SplashScreenViewController.swift in Sources */,
				C25E7ED5252D68FA00490F8D /* HeaderTienHoaHongTableViewCell.swift in Sources */,
				C2659CBF2510AD1C0021BC9D /* HeaderCollectionViewCell.swift in Sources */,
				C265C1A125078812000D4FAE /* UserProfile.swift in Sources */,
				C26BB5EC25244CB40024D236 /* VonDauTuChiTiet.swift in Sources */,
				C268E52A2525C86C00FAF711 /* Footer.swift in Sources */,
				C243DCCF251DA539004C6347 /* ThongTinThuChi.swift in Sources */,
				C2641539252B25D3001CB558 /* ChiTietLichSuViewController.swift in Sources */,
				C2C25875251642C30048FAB2 /* DinhGia.swift in Sources */,
				C243DCD2251DF001004C6347 /* LogOutTableViewCell.swift in Sources */,
				C26704AD251C92E500B82116 /* ChiTietHopDong.swift in Sources */,
				C2594D062519A1A000A99713 /* HopDongCamDoViewController.swift in Sources */,
				C2E4D68025179F0C00622DF6 /* DoGiaDungChiTiet.swift in Sources */,
				C2F4F69A252EAC3600A9C86C /* ThuLai3TableViewCell.swift in Sources */,
				C2644150252C10CB001610A6 /* BaoCao.swift in Sources */,
				C2641526252AD19C001CB558 /* TacVuTableViewCell.swift in Sources */,
				C263108E2522D4E70056FD6F /* RutLaiContainerViewController.swift in Sources */,
				C267ACE62533F725007BCD49 /* Camera.swift in Sources */,
				C25AD64E251B27890091CA6D /* GetTab.swift in Sources */,
				C2C2583F25135AD30048FAB2 /* CamDoViewController.swift in Sources */,
				C265C19225071FF6000D4FAE /* APIRouter.swift in Sources */,
				C2C2586F2514BF890048FAB2 /* MenuHeader.swift in Sources */,
				C261B4C5250F556900B63043 /* ExtensionUIView.swift in Sources */,
				C2659CB72510AA810021BC9D /* CauHinhTableViewCell.swift in Sources */,
				C261B4C7250F58AD00B63043 /* DashBoard.swift in Sources */,
				C268E51B252568B600FAF711 /* RutVon.swift in Sources */,
				C265C19025071F91000D4FAE /* Config.swift in Sources */,
				C265C19425072158000D4FAE /* BaseResponse.swift in Sources */,
				C2594D142519F65400A99713 /* HopDongMoViewController.swift in Sources */,
				C2C2585425148F380048FAB2 /* InfoCamDoTableViewCell.swift in Sources */,
				C25E7ED1252D680000490F8D /* TienHoaHongViewController.swift in Sources */,
				C25E7EE0252DB4C900490F8D /* RutVon2TableViewCell.swift in Sources */,
				C265C19F250777A1000D4FAE /* UserToken.swift in Sources */,
				C26BB5EA25243A8F0024D236 /* VonDauTuViewController.swift in Sources */,
				C2695BEB2508BF9200E3A3C8 /* HomeViewController.swift in Sources */,
				C26BB5F025247FC50024D236 /* QuanLyVonTableViewCell.swift in Sources */,
				C2C2584925144D7A0048FAB2 /* CamDo.swift in Sources */,
				C267ACEA25355EEC007BCD49 /* ImageCollectionViewCell.swift in Sources */,
				C2C2586B2514B1ED0048FAB2 /* Menu.swift in Sources */,
				C25E7EE3252DC52300490F8D /* DongLaiViewController.swift in Sources */,
				C26BB5E7252437F70024D236 /* QuanLyVonDauTu.swift in Sources */,
				C20FF73F251F36500096A38F /* NotificationTableViewCell.swift in Sources */,
				C26BB5E5252434CD0024D236 /* RutLaiChiTietViewController.swift in Sources */,
				C2C25844251373C90048FAB2 /* CamDoTableViewCell.swift in Sources */,
				C282CBF92511CB8500F62B63 /* ShopUITableViewCell.swift in Sources */,
				C2659CC52510BE740021BC9D /* CuaHangMacDinhViewController.swift in Sources */,
				C264152A252AD793001CB558 /* LichSuGiaoDich.swift in Sources */,
				C264414D252C0997001610A6 /* BaoCaoViewController.swift in Sources */,
				C2659CAF2510AA660021BC9D /* MacDinhTableViewCell.swift in Sources */,
				C243DCCB251D9043004C6347 /* ThuChi.swift in Sources */,
				C264152E252B0CC3001CB558 /* LichSuViewController.swift in Sources */,
				C25ED6922527253A004662A1 /* NhomTaiSan.swift in Sources */,
				C2C25877251643FC0048FAB2 /* DoGiaDung.swift in Sources */,
				C2659CC92510BE9C0021BC9D /* CaiDatViewController.swift in Sources */,
				C268E5232525783D00FAF711 /* RutVonTableViewCell.swift in Sources */,
				C264152C252B06D4001CB558 /* LichSuVayNo.swift in Sources */,
				C26704B3251C9B9D00B82116 /* ChiTietHopDongViewController.swift in Sources */,
				C25ED68F25271E21004662A1 /* ThanhLyTaiSanViewController.swift in Sources */,
				C263108A2522C6B10056FD6F /* RutLaiViewController.swift in Sources */,
				C28821B325288E6D00EF6B91 /* ThanhLyTaiSanChiTietViewController.swift in Sources */,
				C268E5302525D4DA00FAF711 /* ButtonFooterCollectionViewCell.swift in Sources */,
				C265C17825071EE0000D4FAE /* AppDelegate.swift in Sources */,
				C2BC99D325219D3200796448 /* Notification.swift in Sources */,
				C261B4C1250F261900B63043 /* CuaHang.swift in Sources */,
				C243DCCD251DA276004C6347 /* ThongTinThuChiViewController.swift in Sources */,
				C2659CBA2510AD010021BC9D /* BodyCollectionViewCell.swift in Sources */,
				C2C2583C25133EF20048FAB2 /* TienIch.swift in Sources */,
				C2C25871251626150048FAB2 /* TestCollectionViewController.swift in Sources */,
				C282CC0A25120A6D00F62B63 /* UtilitiesViewController.swift in Sources */,
				C26704AB251C329E00B82116 /* BoLocViewController.swift in Sources */,
				C2641522252ACC1D001CB558 /* ThongTinHopDongTableViewCell.swift in Sources */,
				C265C17A25071EE0000D4FAE /* SceneDelegate.swift in Sources */,
				C2C2585025145FA00048FAB2 /* ThongTinCamDoViewController.swift in Sources */,
				C263108C2522D0310056FD6F /* TabTrangThai.swift in Sources */,
				C2641536252B1151001CB558 /* LichSu2TableViewCell.swift in Sources */,
				C25E7EDD252D75B600490F8D /* NhanVien.swift in Sources */,
				C25A9F9A2531908000F1D062 /* CameraViewController.swift in Sources */,
				C26BB5E3252430BD0024D236 /* DanhSachNhanVien.swift in Sources */,
				C2E4D6832517A3CD00622DF6 /* ImageTableViewCell.swift in Sources */,
				C243DCC4251D8806004C6347 /* ThuChiViewController.swift in Sources */,
				C2C2584725144BC60048FAB2 /* Status.swift in Sources */,
				C26310902522D84B0056FD6F /* ListRutLai.swift in Sources */,
				C26310942522EF900056FD6F /* BaseController.swift in Sources */,
				C2C2585B251496770048FAB2 /* CamDoChiTiet.swift in Sources */,
				C2659CC72510BE8F0021BC9D /* MatKhauViewController.swift in Sources */,
				C20FF73B251F18E20096A38F /* NotificationViewController.swift in Sources */,
				C282CBF52511A73400F62B63 /* NavigationBar.swift in Sources */,
				C265C19D25073A0D000D4FAE /* Token.swift in Sources */,
				C267ACE22533F0F3007BCD49 /* CameraCollectionViewCell.swift in Sources */,
				C2C25858251491FA0048FAB2 /* CheckBoxTableViewCell.swift in Sources */,
				C2641532252B105D001CB558 /* LichSuTableViewCell.swift in Sources */,
				C259CD95253708CA00CD527D /* CreateHĐCamDoViewController.swift in Sources */,
			);
			runOnlyForDeploymentPostprocessing = 0;
		};
/* End PBXSourcesBuildPhase section */

/* Begin PBXVariantGroup section */
		C265C17D25071EE0000D4FAE /* Main.storyboard */ = {
			isa = PBXVariantGroup;
			children = (
				C265C17E25071EE0000D4FAE /* Base */,
			);
			name = Main.storyboard;
			sourceTree = "<group>";
		};
		C265C18225071EE2000D4FAE /* LaunchScreen.storyboard */ = {
			isa = PBXVariantGroup;
			children = (
				C265C18325071EE2000D4FAE /* Base */,
			);
			name = LaunchScreen.storyboard;
			sourceTree = "<group>";
		};
/* End PBXVariantGroup section */

/* Begin XCBuildConfiguration section */
		C265C18625071EE2000D4FAE /* Debug */ = {
			isa = XCBuildConfiguration;
			buildSettings = {
				ALWAYS_SEARCH_USER_PATHS = NO;
				CLANG_ANALYZER_NONNULL = YES;
				CLANG_ANALYZER_NUMBER_OBJECT_CONVERSION = YES_AGGRESSIVE;
				CLANG_CXX_LANGUAGE_STANDARD = "gnu++14";
				CLANG_CXX_LIBRARY = "libc++";
				CLANG_ENABLE_MODULES = YES;
				CLANG_ENABLE_OBJC_ARC = YES;
				CLANG_ENABLE_OBJC_WEAK = YES;
				CLANG_WARN_BLOCK_CAPTURE_AUTORELEASING = YES;
				CLANG_WARN_BOOL_CONVERSION = YES;
				CLANG_WARN_COMMA = YES;
				CLANG_WARN_CONSTANT_CONVERSION = YES;
				CLANG_WARN_DEPRECATED_OBJC_IMPLEMENTATIONS = YES;
				CLANG_WARN_DIRECT_OBJC_ISA_USAGE = YES_ERROR;
				CLANG_WARN_DOCUMENTATION_COMMENTS = YES;
				CLANG_WARN_EMPTY_BODY = YES;
				CLANG_WARN_ENUM_CONVERSION = YES;
				CLANG_WARN_INFINITE_RECURSION = YES;
				CLANG_WARN_INT_CONVERSION = YES;
				CLANG_WARN_NON_LITERAL_NULL_CONVERSION = YES;
				CLANG_WARN_OBJC_IMPLICIT_RETAIN_SELF = YES;
				CLANG_WARN_OBJC_LITERAL_CONVERSION = YES;
				CLANG_WARN_OBJC_ROOT_CLASS = YES_ERROR;
				CLANG_WARN_RANGE_LOOP_ANALYSIS = YES;
				CLANG_WARN_STRICT_PROTOTYPES = YES;
				CLANG_WARN_SUSPICIOUS_MOVE = YES;
				CLANG_WARN_UNGUARDED_AVAILABILITY = YES_AGGRESSIVE;
				CLANG_WARN_UNREACHABLE_CODE = YES;
				CLANG_WARN__DUPLICATE_METHOD_MATCH = YES;
				COPY_PHASE_STRIP = NO;
				DEBUG_INFORMATION_FORMAT = dwarf;
				ENABLE_STRICT_OBJC_MSGSEND = YES;
				ENABLE_TESTABILITY = YES;
				GCC_C_LANGUAGE_STANDARD = gnu11;
				GCC_DYNAMIC_NO_PIC = NO;
				GCC_NO_COMMON_BLOCKS = YES;
				GCC_OPTIMIZATION_LEVEL = 0;
				GCC_PREPROCESSOR_DEFINITIONS = (
					"DEBUG=1",
					"$(inherited)",
				);
				GCC_WARN_64_TO_32_BIT_CONVERSION = YES;
				GCC_WARN_ABOUT_RETURN_TYPE = YES_ERROR;
				GCC_WARN_UNDECLARED_SELECTOR = YES;
				GCC_WARN_UNINITIALIZED_AUTOS = YES_AGGRESSIVE;
				GCC_WARN_UNUSED_FUNCTION = YES;
				GCC_WARN_UNUSED_VARIABLE = YES;
				IPHONEOS_DEPLOYMENT_TARGET = 13.6;
				MTL_ENABLE_DEBUG_INFO = INCLUDE_SOURCE;
				MTL_FAST_MATH = YES;
				ONLY_ACTIVE_ARCH = YES;
				SDKROOT = iphoneos;
				SWIFT_ACTIVE_COMPILATION_CONDITIONS = DEBUG;
				SWIFT_OPTIMIZATION_LEVEL = "-Onone";
			};
			name = Debug;
		};
		C265C18725071EE2000D4FAE /* Release */ = {
			isa = XCBuildConfiguration;
			buildSettings = {
				ALWAYS_SEARCH_USER_PATHS = NO;
				CLANG_ANALYZER_NONNULL = YES;
				CLANG_ANALYZER_NUMBER_OBJECT_CONVERSION = YES_AGGRESSIVE;
				CLANG_CXX_LANGUAGE_STANDARD = "gnu++14";
				CLANG_CXX_LIBRARY = "libc++";
				CLANG_ENABLE_MODULES = YES;
				CLANG_ENABLE_OBJC_ARC = YES;
				CLANG_ENABLE_OBJC_WEAK = YES;
				CLANG_WARN_BLOCK_CAPTURE_AUTORELEASING = YES;
				CLANG_WARN_BOOL_CONVERSION = YES;
				CLANG_WARN_COMMA = YES;
				CLANG_WARN_CONSTANT_CONVERSION = YES;
				CLANG_WARN_DEPRECATED_OBJC_IMPLEMENTATIONS = YES;
				CLANG_WARN_DIRECT_OBJC_ISA_USAGE = YES_ERROR;
				CLANG_WARN_DOCUMENTATION_COMMENTS = YES;
				CLANG_WARN_EMPTY_BODY = YES;
				CLANG_WARN_ENUM_CONVERSION = YES;
				CLANG_WARN_INFINITE_RECURSION = YES;
				CLANG_WARN_INT_CONVERSION = YES;
				CLANG_WARN_NON_LITERAL_NULL_CONVERSION = YES;
				CLANG_WARN_OBJC_IMPLICIT_RETAIN_SELF = YES;
				CLANG_WARN_OBJC_LITERAL_CONVERSION = YES;
				CLANG_WARN_OBJC_ROOT_CLASS = YES_ERROR;
				CLANG_WARN_RANGE_LOOP_ANALYSIS = YES;
				CLANG_WARN_STRICT_PROTOTYPES = YES;
				CLANG_WARN_SUSPICIOUS_MOVE = YES;
				CLANG_WARN_UNGUARDED_AVAILABILITY = YES_AGGRESSIVE;
				CLANG_WARN_UNREACHABLE_CODE = YES;
				CLANG_WARN__DUPLICATE_METHOD_MATCH = YES;
				COPY_PHASE_STRIP = NO;
				DEBUG_INFORMATION_FORMAT = "dwarf-with-dsym";
				ENABLE_NS_ASSERTIONS = NO;
				ENABLE_STRICT_OBJC_MSGSEND = YES;
				GCC_C_LANGUAGE_STANDARD = gnu11;
				GCC_NO_COMMON_BLOCKS = YES;
				GCC_WARN_64_TO_32_BIT_CONVERSION = YES;
				GCC_WARN_ABOUT_RETURN_TYPE = YES_ERROR;
				GCC_WARN_UNDECLARED_SELECTOR = YES;
				GCC_WARN_UNINITIALIZED_AUTOS = YES_AGGRESSIVE;
				GCC_WARN_UNUSED_FUNCTION = YES;
				GCC_WARN_UNUSED_VARIABLE = YES;
				IPHONEOS_DEPLOYMENT_TARGET = 13.6;
				MTL_ENABLE_DEBUG_INFO = NO;
				MTL_FAST_MATH = YES;
				SDKROOT = iphoneos;
				SWIFT_COMPILATION_MODE = wholemodule;
				SWIFT_OPTIMIZATION_LEVEL = "-O";
				VALIDATE_PRODUCT = YES;
			};
			name = Release;
		};
		C265C18925071EE2000D4FAE /* Debug */ = {
			isa = XCBuildConfiguration;
			baseConfigurationReference = E65DEDA807C3DBF97E92936A /* Pods-F49.debug.xcconfig */;
			buildSettings = {
				ASSETCATALOG_COMPILER_APPICON_NAME = AppIcon;
				CODE_SIGN_STYLE = Automatic;
				INFOPLIST_FILE = F49/Info.plist;
				IPHONEOS_DEPLOYMENT_TARGET = 11.0;
				LD_RUNPATH_SEARCH_PATHS = (
					"$(inherited)",
					"@executable_path/Frameworks",
				);
				PRODUCT_BUNDLE_IDENTIFIER = MSM.F49;
				PRODUCT_NAME = "$(TARGET_NAME)";
				SWIFT_VERSION = 5.0;
				TARGETED_DEVICE_FAMILY = "1,2";
			};
			name = Debug;
		};
		C265C18A25071EE2000D4FAE /* Release */ = {
			isa = XCBuildConfiguration;
			baseConfigurationReference = E42C8533E2BF20FFED4D10D1 /* Pods-F49.release.xcconfig */;
			buildSettings = {
				ASSETCATALOG_COMPILER_APPICON_NAME = AppIcon;
				CODE_SIGN_STYLE = Automatic;
				INFOPLIST_FILE = F49/Info.plist;
				IPHONEOS_DEPLOYMENT_TARGET = 11.0;
				LD_RUNPATH_SEARCH_PATHS = (
					"$(inherited)",
					"@executable_path/Frameworks",
				);
				PRODUCT_BUNDLE_IDENTIFIER = MSM.F49;
				PRODUCT_NAME = "$(TARGET_NAME)";
				SWIFT_VERSION = 5.0;
				TARGETED_DEVICE_FAMILY = "1,2";
			};
			name = Release;
		};
/* End XCBuildConfiguration section */

/* Begin XCConfigurationList section */
		C265C16F25071EDF000D4FAE /* Build configuration list for PBXProject "F49" */ = {
			isa = XCConfigurationList;
			buildConfigurations = (
				C265C18625071EE2000D4FAE /* Debug */,
				C265C18725071EE2000D4FAE /* Release */,
			);
			defaultConfigurationIsVisible = 0;
			defaultConfigurationName = Release;
		};
		C265C18825071EE2000D4FAE /* Build configuration list for PBXNativeTarget "F49" */ = {
			isa = XCConfigurationList;
			buildConfigurations = (
				C265C18925071EE2000D4FAE /* Debug */,
				C265C18A25071EE2000D4FAE /* Release */,
			);
			defaultConfigurationIsVisible = 0;
			defaultConfigurationName = Release;
		};
/* End XCConfigurationList section */
	};
	rootObject = C265C16C25071EDF000D4FAE /* Project object */;
}
